{
  "version": 4,
  "terraform_version": "1.9.1",
  "serial": 731,
  "lineage": "490f1504-98c2-d1e0-aede-0cfd4de4efe4",
  "outputs": {
    "eks_cluster_certificate_authority_data": {
      "value": "LS0tLS1CRUdJTiBDRVJUSUZJQ0FURS0tLS0tCk1JSURCVENDQWUyZ0F3SUJBZ0lJTWU5VUpOQy9xQ2N3RFFZSktvWklodmNOQVFFTEJRQXdGVEVUTUJFR0ExVUUKQXhNS2EzVmlaWEp1WlhSbGN6QWVGdzB5TkRBM01EZ3lNakE0TXpKYUZ3MHpOREEzTURZeU1qRXpNekphTUJVeApFekFSQmdOVkJBTVRDbXQxWW1WeWJtVjBaWE13Z2dFaU1BMEdDU3FHU0liM0RRRUJBUVVBQTRJQkR3QXdnZ0VLCkFvSUJBUUR1WUNrUjdHR0VxdzhMeXNlQjZFZlVabWszeFpFVFI5U21LRXl1S2ZvY0V3TEd5K0w5My9RTFdxZ1AKVCtIOWNZWU90ZWM5TWV0YzlZdjg1cm9rU0picElDUE5iL0JGa25IYXNLalh4bXpzMlV4ejVVdU5QUHFMTDA1VgpBcWcwN2ovVTNwWkNhSkVWZEN6bUordTU0QTkzYXllQ0ptaTBmSTJaVGxKYmV3K2xmVHlER3VmWDMyYmJMNDM3CnVhNyt0UzdKUUd5dU1rbkJjOU1JejYxanduVHFWMU0yQjk4dkxBVG5qeWkrR2U2eDRtNWpmWEo3UnhYZ1Frc1QKNUFHZFUxRVdHWHRrL25sNWVaVGNWSTZwK0RXOVhSd1VnR3ArdlhYN1VKdjltM003ZE1wK29jMWhHOGNmNzg4MAptY2RtcElDRmd6SnRkc2s3L00yMitoS2Qwa1kzQWdNQkFBR2pXVEJYTUE0R0ExVWREd0VCL3dRRUF3SUNwREFQCkJnTlZIUk1CQWY4RUJUQURBUUgvTUIwR0ExVWREZ1FXQkJRQjZtQ1gzYkc4TGMvaUpBME1CSWNmMUlCV3J6QVYKQmdOVkhSRUVEakFNZ2dwcmRXSmxjbTVsZEdWek1BMEdDU3FHU0liM0RRRUJDd1VBQTRJQkFRQ3dRcHJjQzlUTgpqS2t4b25zSnFFeFkwM1Z6aUJKa3k1MDNZOEwwMkRWZGtqSXdDMjcxTjFoRUN2MG9BTlExS2o4dXNvbkdOTnJECkRFZWVWUldtWDdlc2lBOU1vTmxub1htTFJxajlVVHI2MTJ4RmRtc3R3eWRpV1NycGxQWjlxU21QU2hNbHBUa3MKaFFDQjNnczBiRC8vYlR3aThPa0dLYnZ0R1BBaElWTWVsQnlLSlFUa3RBOHJ3c0JkTitJWUhjV1IrTXJHclhUdwpkNjZOemNFRXFZSUJWY3ROeVRGTHFwNGdPbjdLM3R0NlYzM01VbjNKdFJMTVQyQVNKenNXVFJtS0tQNEt1aFo2CmcrYzhBZ1owZ3BKdnlnL015MUdiSjN2dlFIMDQ0SnZqSDVlQUc3cVh4dHcwbTRaM1M1VmplZFVyNTZubHlsYnQKcW04cHptOFc2RVFaCi0tLS0tRU5EIENFUlRJRklDQVRFLS0tLS0K",
      "type": "string"
    },
    "eks_cluster_endpoint": {
      "value": "https://93393CE01618B9AB7AF8BA6CD329DF14.gr7.us-east-1.eks.amazonaws.com",
      "type": "string"
    },
    "eks_cluster_name": {
      "value": "viajemos-eks-cluster",
      "type": "string"
    }
  },
  "resources": [
    {
      "mode": "data",
      "type": "aws_availability_zones",
      "name": "available",
      "provider": "provider[\"registry.terraform.io/hashicorp/aws\"]",
      "instances": [
        {
          "schema_version": 0,
          "attributes": {
            "all_availability_zones": null,
            "exclude_names": null,
            "exclude_zone_ids": null,
            "filter": null,
            "group_names": [
              "us-east-1"
            ],
            "id": "us-east-1",
            "names": [
              "us-east-1a",
              "us-east-1b",
              "us-east-1c",
              "us-east-1d",
              "us-east-1e",
              "us-east-1f"
            ],
            "state": "available",
            "timeouts": null,
            "zone_ids": [
              "use1-az1",
              "use1-az2",
              "use1-az4",
              "use1-az6",
              "use1-az3",
              "use1-az5"
            ]
          },
          "sensitive_attributes": []
        }
      ]
    },
    {
      "mode": "managed",
      "type": "aws_default_security_group",
      "name": "default",
      "provider": "provider[\"registry.terraform.io/hashicorp/aws\"]",
      "instances": [
        {
          "schema_version": 1,
          "attributes": {
            "arn": "arn:aws:ec2:us-east-1:791718719052:security-group/sg-010f099c3ff8858d5",
            "description": "default VPC security group",
            "egress": [
              {
                "cidr_blocks": [
                  "0.0.0.0/0"
                ],
                "description": "",
                "from_port": 0,
                "ipv6_cidr_blocks": [],
                "prefix_list_ids": [],
                "protocol": "-1",
                "security_groups": [],
                "self": false,
                "to_port": 0
              }
            ],
            "id": "sg-010f099c3ff8858d5",
            "ingress": [
              {
                "cidr_blocks": [],
                "description": "",
                "from_port": 0,
                "ipv6_cidr_blocks": [],
                "prefix_list_ids": [],
                "protocol": "-1",
                "security_groups": [],
                "self": true,
                "to_port": 0
              }
            ],
            "name": "default",
            "name_prefix": "",
            "owner_id": "791718719052",
            "revoke_rules_on_delete": false,
            "tags": {
              "Name": "vpc-07f0a9c6d98931490-default-sg"
            },
            "tags_all": {
              "Name": "vpc-07f0a9c6d98931490-default-sg"
            },
            "vpc_id": "vpc-07f0a9c6d98931490"
          },
          "sensitive_attributes": [],
          "private": "eyJzY2hlbWFfdmVyc2lvbiI6IjEifQ==",
          "dependencies": [
            "module.vpc.aws_vpc.default"
          ]
        }
      ]
    },
    {
      "module": "module.dynamic_subnets",
      "mode": "data",
      "type": "aws_availability_zones",
      "name": "default",
      "provider": "provider[\"registry.terraform.io/hashicorp/aws\"]",
      "instances": [
        {
          "index_key": 0,
          "schema_version": 0,
          "attributes": {
            "all_availability_zones": null,
            "exclude_names": null,
            "exclude_zone_ids": null,
            "filter": [
              {
                "name": "opt-in-status",
                "values": [
                  "opt-in-not-required"
                ]
              }
            ],
            "group_names": [
              "us-east-1"
            ],
            "id": "us-east-1",
            "names": [
              "us-east-1a",
              "us-east-1b",
              "us-east-1c",
              "us-east-1d",
              "us-east-1e",
              "us-east-1f"
            ],
            "state": null,
            "timeouts": null,
            "zone_ids": [
              "use1-az1",
              "use1-az2",
              "use1-az4",
              "use1-az6",
              "use1-az3",
              "use1-az5"
            ]
          },
          "sensitive_attributes": []
        }
      ]
    },
    {
      "module": "module.dynamic_subnets",
      "mode": "data",
      "type": "aws_vpc",
      "name": "default",
      "provider": "provider[\"registry.terraform.io/hashicorp/aws\"]",
      "instances": [
        {
          "index_key": 0,
          "schema_version": 0,
          "attributes": {
            "arn": "arn:aws:ec2:us-east-1:791718719052:vpc/vpc-07f0a9c6d98931490",
            "cidr_block": "10.0.0.0/16",
            "cidr_block_associations": [
              {
                "association_id": "vpc-cidr-assoc-0cb2edf872c8abbc9",
                "cidr_block": "10.0.0.0/16",
                "state": "associated"
              }
            ],
            "default": false,
            "dhcp_options_id": "dopt-7f268d05",
            "enable_dns_hostnames": true,
            "enable_dns_support": true,
            "enable_network_address_usage_metrics": false,
            "filter": null,
            "id": "vpc-07f0a9c6d98931490",
            "instance_tenancy": "default",
            "ipv6_association_id": "",
            "ipv6_cidr_block": "",
            "main_route_table_id": "rtb-0f06aabfee3e5f704",
            "owner_id": "791718719052",
            "state": null,
            "tags": {
              "Name": "viajemos-test-vpc",
              "Namespace": "viajemos",
              "Stage": "test"
            },
            "timeouts": null
          },
          "sensitive_attributes": []
        }
      ]
    },
    {
      "module": "module.dynamic_subnets",
      "mode": "managed",
      "type": "aws_eip",
      "name": "default",
      "provider": "provider[\"registry.terraform.io/hashicorp/aws\"]",
      "instances": [
        {
          "index_key": 0,
          "schema_version": 0,
          "attributes": {
            "address": null,
            "allocation_id": "eipalloc-084ef4eb42626b867",
            "arn": "arn:aws:ec2:us-east-1:791718719052:elastic-ip/eipalloc-084ef4eb42626b867",
            "associate_with_private_ip": null,
            "association_id": "eipassoc-01c2430a0db7b135e",
            "carrier_ip": "",
            "customer_owned_ip": "",
            "customer_owned_ipv4_pool": "",
            "domain": "vpc",
            "id": "eipalloc-084ef4eb42626b867",
            "instance": "",
            "network_border_group": "us-east-1",
            "network_interface": "eni-0efa19a1accf5b540",
            "private_dns": "ip-10-0-99-8.ec2.internal",
            "private_ip": "10.0.99.8",
            "ptr_record": "",
            "public_dns": "ec2-54-237-23-165.compute-1.amazonaws.com",
            "public_ip": "54.237.23.165",
            "public_ipv4_pool": "amazon",
            "tags": {
              "Attributes": "nat",
              "Name": "viajemos-test-subnet-nat-use1a",
              "Namespace": "viajemos",
              "Stage": "test",
              "kubernetes.io/cluster/viajemos-eks-cluster": "shared"
            },
            "tags_all": {
              "Attributes": "nat",
              "Name": "viajemos-test-subnet-nat-use1a",
              "Namespace": "viajemos",
              "Stage": "test",
              "kubernetes.io/cluster/viajemos-eks-cluster": "shared"
            },
            "timeouts": null,
            "vpc": true
          },
          "sensitive_attributes": [],
          "private": "eyJlMmJmYjczMC1lY2FhLTExZTYtOGY4OC0zNDM2M2JjN2M0YzAiOnsiZGVsZXRlIjoxODAwMDAwMDAwMDAsInJlYWQiOjkwMDAwMDAwMDAwMCwidXBkYXRlIjozMDAwMDAwMDAwMDB9fQ==",
          "dependencies": [
            "data.aws_availability_zones.available",
            "module.dynamic_subnets.data.aws_availability_zones.default"
          ],
          "create_before_destroy": true
        },
        {
          "index_key": 1,
          "schema_version": 0,
          "attributes": {
            "address": null,
            "allocation_id": "eipalloc-03304802ad127a72f",
            "arn": "arn:aws:ec2:us-east-1:791718719052:elastic-ip/eipalloc-03304802ad127a72f",
            "associate_with_private_ip": null,
            "association_id": "eipassoc-089972b5e65c93ef6",
            "carrier_ip": "",
            "customer_owned_ip": "",
            "customer_owned_ipv4_pool": "",
            "domain": "vpc",
            "id": "eipalloc-03304802ad127a72f",
            "instance": "",
            "network_border_group": "us-east-1",
            "network_interface": "eni-0b01dbd0ea9d25636",
            "private_dns": "ip-10-0-124-224.ec2.internal",
            "private_ip": "10.0.124.224",
            "ptr_record": "",
            "public_dns": "ec2-44-209-231-244.compute-1.amazonaws.com",
            "public_ip": "44.209.231.244",
            "public_ipv4_pool": "amazon",
            "tags": {
              "Attributes": "nat",
              "Name": "viajemos-test-subnet-nat-use1b",
              "Namespace": "viajemos",
              "Stage": "test",
              "kubernetes.io/cluster/viajemos-eks-cluster": "shared"
            },
            "tags_all": {
              "Attributes": "nat",
              "Name": "viajemos-test-subnet-nat-use1b",
              "Namespace": "viajemos",
              "Stage": "test",
              "kubernetes.io/cluster/viajemos-eks-cluster": "shared"
            },
            "timeouts": null,
            "vpc": true
          },
          "sensitive_attributes": [],
          "private": "eyJlMmJmYjczMC1lY2FhLTExZTYtOGY4OC0zNDM2M2JjN2M0YzAiOnsiZGVsZXRlIjoxODAwMDAwMDAwMDAsInJlYWQiOjkwMDAwMDAwMDAwMCwidXBkYXRlIjozMDAwMDAwMDAwMDB9fQ==",
          "dependencies": [
            "data.aws_availability_zones.available",
            "module.dynamic_subnets.data.aws_availability_zones.default"
          ],
          "create_before_destroy": true
        },
        {
          "index_key": 2,
          "schema_version": 0,
          "attributes": {
            "address": null,
            "allocation_id": "eipalloc-0e3d3e821405f20c8",
            "arn": "arn:aws:ec2:us-east-1:791718719052:elastic-ip/eipalloc-0e3d3e821405f20c8",
            "associate_with_private_ip": null,
            "association_id": "eipassoc-0da5abe7ed9e6d5a9",
            "carrier_ip": "",
            "customer_owned_ip": "",
            "customer_owned_ipv4_pool": "",
            "domain": "vpc",
            "id": "eipalloc-0e3d3e821405f20c8",
            "instance": "",
            "network_border_group": "us-east-1",
            "network_interface": "eni-0bf5ff32c452e613e",
            "private_dns": "ip-10-0-139-15.ec2.internal",
            "private_ip": "10.0.139.15",
            "ptr_record": "",
            "public_dns": "ec2-44-214-13-102.compute-1.amazonaws.com",
            "public_ip": "44.214.13.102",
            "public_ipv4_pool": "amazon",
            "tags": {
              "Attributes": "nat",
              "Name": "viajemos-test-subnet-nat-use1c",
              "Namespace": "viajemos",
              "Stage": "test",
              "kubernetes.io/cluster/viajemos-eks-cluster": "shared"
            },
            "tags_all": {
              "Attributes": "nat",
              "Name": "viajemos-test-subnet-nat-use1c",
              "Namespace": "viajemos",
              "Stage": "test",
              "kubernetes.io/cluster/viajemos-eks-cluster": "shared"
            },
            "timeouts": null,
            "vpc": true
          },
          "sensitive_attributes": [],
          "private": "eyJlMmJmYjczMC1lY2FhLTExZTYtOGY4OC0zNDM2M2JjN2M0YzAiOnsiZGVsZXRlIjoxODAwMDAwMDAwMDAsInJlYWQiOjkwMDAwMDAwMDAwMCwidXBkYXRlIjozMDAwMDAwMDAwMDB9fQ==",
          "dependencies": [
            "data.aws_availability_zones.available",
            "module.dynamic_subnets.data.aws_availability_zones.default"
          ],
          "create_before_destroy": true
        }
      ]
    },
    {
      "module": "module.dynamic_subnets",
      "mode": "managed",
      "type": "aws_nat_gateway",
      "name": "default",
      "provider": "provider[\"registry.terraform.io/hashicorp/aws\"]",
      "instances": [
        {
          "index_key": 0,
          "schema_version": 0,
          "attributes": {
            "allocation_id": "eipalloc-084ef4eb42626b867",
            "association_id": "eipassoc-01c2430a0db7b135e",
            "connectivity_type": "public",
            "id": "nat-07f50d760e07dfc51",
            "network_interface_id": "eni-0efa19a1accf5b540",
            "private_ip": "10.0.99.8",
            "public_ip": "54.237.23.165",
            "secondary_allocation_ids": [],
            "secondary_private_ip_address_count": 0,
            "secondary_private_ip_addresses": [],
            "subnet_id": "subnet-0628c4c6584da7bc1",
            "tags": {
              "Attributes": "nat",
              "Name": "viajemos-test-subnet-nat-use1a",
              "Namespace": "viajemos",
              "Stage": "test",
              "kubernetes.io/cluster/viajemos-eks-cluster": "shared"
            },
            "tags_all": {
              "Attributes": "nat",
              "Name": "viajemos-test-subnet-nat-use1a",
              "Namespace": "viajemos",
              "Stage": "test",
              "kubernetes.io/cluster/viajemos-eks-cluster": "shared"
            },
            "timeouts": null
          },
          "sensitive_attributes": [],
          "private": "eyJlMmJmYjczMC1lY2FhLTExZTYtOGY4OC0zNDM2M2JjN2M0YzAiOnsiY3JlYXRlIjo2MDAwMDAwMDAwMDAsImRlbGV0ZSI6MTgwMDAwMDAwMDAwMCwidXBkYXRlIjo2MDAwMDAwMDAwMDB9fQ==",
          "dependencies": [
            "data.aws_availability_zones.available",
            "module.dynamic_subnets.aws_eip.default",
            "module.dynamic_subnets.aws_eip_association.nat_instance",
            "module.dynamic_subnets.aws_instance.nat_instance",
            "module.dynamic_subnets.aws_security_group.nat_instance",
            "module.dynamic_subnets.aws_subnet.public",
            "module.dynamic_subnets.data.aws_ami.nat_instance",
            "module.dynamic_subnets.data.aws_availability_zones.default",
            "module.dynamic_subnets.data.aws_eip.nat",
            "module.dynamic_subnets.data.aws_vpc.default",
            "module.vpc.aws_vpc.default"
          ]
        },
        {
          "index_key": 1,
          "schema_version": 0,
          "attributes": {
            "allocation_id": "eipalloc-03304802ad127a72f",
            "association_id": "eipassoc-089972b5e65c93ef6",
            "connectivity_type": "public",
            "id": "nat-05dac9a69a2d3559c",
            "network_interface_id": "eni-0b01dbd0ea9d25636",
            "private_ip": "10.0.124.224",
            "public_ip": "44.209.231.244",
            "secondary_allocation_ids": [],
            "secondary_private_ip_address_count": 0,
            "secondary_private_ip_addresses": [],
            "subnet_id": "subnet-0edc0533c216eae65",
            "tags": {
              "Attributes": "nat",
              "Name": "viajemos-test-subnet-nat-use1b",
              "Namespace": "viajemos",
              "Stage": "test",
              "kubernetes.io/cluster/viajemos-eks-cluster": "shared"
            },
            "tags_all": {
              "Attributes": "nat",
              "Name": "viajemos-test-subnet-nat-use1b",
              "Namespace": "viajemos",
              "Stage": "test",
              "kubernetes.io/cluster/viajemos-eks-cluster": "shared"
            },
            "timeouts": null
          },
          "sensitive_attributes": [],
          "private": "eyJlMmJmYjczMC1lY2FhLTExZTYtOGY4OC0zNDM2M2JjN2M0YzAiOnsiY3JlYXRlIjo2MDAwMDAwMDAwMDAsImRlbGV0ZSI6MTgwMDAwMDAwMDAwMCwidXBkYXRlIjo2MDAwMDAwMDAwMDB9fQ==",
          "dependencies": [
            "data.aws_availability_zones.available",
            "module.dynamic_subnets.aws_eip.default",
            "module.dynamic_subnets.aws_eip_association.nat_instance",
            "module.dynamic_subnets.aws_instance.nat_instance",
            "module.dynamic_subnets.aws_security_group.nat_instance",
            "module.dynamic_subnets.aws_subnet.public",
            "module.dynamic_subnets.data.aws_ami.nat_instance",
            "module.dynamic_subnets.data.aws_availability_zones.default",
            "module.dynamic_subnets.data.aws_eip.nat",
            "module.dynamic_subnets.data.aws_vpc.default",
            "module.vpc.aws_vpc.default"
          ]
        },
        {
          "index_key": 2,
          "schema_version": 0,
          "attributes": {
            "allocation_id": "eipalloc-0e3d3e821405f20c8",
            "association_id": "eipassoc-0da5abe7ed9e6d5a9",
            "connectivity_type": "public",
            "id": "nat-04acd24b18dad0cf6",
            "network_interface_id": "eni-0bf5ff32c452e613e",
            "private_ip": "10.0.139.15",
            "public_ip": "44.214.13.102",
            "secondary_allocation_ids": [],
            "secondary_private_ip_address_count": 0,
            "secondary_private_ip_addresses": [],
            "subnet_id": "subnet-0a363a0dcc0e759b4",
            "tags": {
              "Attributes": "nat",
              "Name": "viajemos-test-subnet-nat-use1c",
              "Namespace": "viajemos",
              "Stage": "test",
              "kubernetes.io/cluster/viajemos-eks-cluster": "shared"
            },
            "tags_all": {
              "Attributes": "nat",
              "Name": "viajemos-test-subnet-nat-use1c",
              "Namespace": "viajemos",
              "Stage": "test",
              "kubernetes.io/cluster/viajemos-eks-cluster": "shared"
            },
            "timeouts": null
          },
          "sensitive_attributes": [],
          "private": "eyJlMmJmYjczMC1lY2FhLTExZTYtOGY4OC0zNDM2M2JjN2M0YzAiOnsiY3JlYXRlIjo2MDAwMDAwMDAwMDAsImRlbGV0ZSI6MTgwMDAwMDAwMDAwMCwidXBkYXRlIjo2MDAwMDAwMDAwMDB9fQ==",
          "dependencies": [
            "data.aws_availability_zones.available",
            "module.dynamic_subnets.aws_eip.default",
            "module.dynamic_subnets.aws_eip_association.nat_instance",
            "module.dynamic_subnets.aws_instance.nat_instance",
            "module.dynamic_subnets.aws_security_group.nat_instance",
            "module.dynamic_subnets.aws_subnet.public",
            "module.dynamic_subnets.data.aws_ami.nat_instance",
            "module.dynamic_subnets.data.aws_availability_zones.default",
            "module.dynamic_subnets.data.aws_eip.nat",
            "module.dynamic_subnets.data.aws_vpc.default",
            "module.vpc.aws_vpc.default"
          ]
        }
      ]
    },
    {
      "module": "module.dynamic_subnets",
      "mode": "managed",
      "type": "aws_network_acl",
      "name": "private",
      "provider": "provider[\"registry.terraform.io/hashicorp/aws\"]",
      "instances": [
        {
          "index_key": 0,
          "schema_version": 0,
          "attributes": {
            "arn": "arn:aws:ec2:us-east-1:791718719052:network-acl/acl-0a4c63b3d20a8062c",
            "egress": [
              {
                "action": "allow",
                "cidr_block": "0.0.0.0/0",
                "from_port": 0,
                "icmp_code": 0,
                "icmp_type": 0,
                "ipv6_cidr_block": "",
                "protocol": "-1",
                "rule_no": 100,
                "to_port": 0
              }
            ],
            "id": "acl-0a4c63b3d20a8062c",
            "ingress": [
              {
                "action": "allow",
                "cidr_block": "0.0.0.0/0",
                "from_port": 0,
                "icmp_code": 0,
                "icmp_type": 0,
                "ipv6_cidr_block": "",
                "protocol": "-1",
                "rule_no": 100,
                "to_port": 0
              }
            ],
            "owner_id": "791718719052",
            "subnet_ids": [
              "subnet-01238c8a09a369e54",
              "subnet-04732dd0e257a67c7",
              "subnet-0694a9b948ae68a17"
            ],
            "tags": {
              "Attributes": "private",
              "Name": "viajemos-test-subnet-private",
              "Namespace": "viajemos",
              "Stage": "test",
              "kubernetes.io/cluster/viajemos-eks-cluster": "shared",
              "kubernetes.io/role/internal-elb": "1"
            },
            "tags_all": {
              "Attributes": "private",
              "Name": "viajemos-test-subnet-private",
              "Namespace": "viajemos",
              "Stage": "test",
              "kubernetes.io/cluster/viajemos-eks-cluster": "shared",
              "kubernetes.io/role/internal-elb": "1"
            },
            "vpc_id": "vpc-07f0a9c6d98931490"
          },
          "sensitive_attributes": [],
          "private": "bnVsbA==",
          "dependencies": [
            "data.aws_availability_zones.available",
            "module.dynamic_subnets.aws_subnet.private",
            "module.dynamic_subnets.data.aws_availability_zones.default",
            "module.dynamic_subnets.data.aws_vpc.default",
            "module.vpc.aws_vpc.default"
          ]
        }
      ]
    },
    {
      "module": "module.dynamic_subnets",
      "mode": "managed",
      "type": "aws_network_acl",
      "name": "public",
      "provider": "provider[\"registry.terraform.io/hashicorp/aws\"]",
      "instances": [
        {
          "index_key": 0,
          "schema_version": 0,
          "attributes": {
            "arn": "arn:aws:ec2:us-east-1:791718719052:network-acl/acl-0f38565991a4b56a8",
            "egress": [
              {
                "action": "allow",
                "cidr_block": "0.0.0.0/0",
                "from_port": 0,
                "icmp_code": 0,
                "icmp_type": 0,
                "ipv6_cidr_block": "",
                "protocol": "-1",
                "rule_no": 100,
                "to_port": 0
              }
            ],
            "id": "acl-0f38565991a4b56a8",
            "ingress": [
              {
                "action": "allow",
                "cidr_block": "0.0.0.0/0",
                "from_port": 0,
                "icmp_code": 0,
                "icmp_type": 0,
                "ipv6_cidr_block": "",
                "protocol": "-1",
                "rule_no": 100,
                "to_port": 0
              }
            ],
            "owner_id": "791718719052",
            "subnet_ids": [
              "subnet-0628c4c6584da7bc1",
              "subnet-0a363a0dcc0e759b4",
              "subnet-0edc0533c216eae65"
            ],
            "tags": {
              "Attributes": "public",
              "Name": "viajemos-test-subnet-public",
              "Namespace": "viajemos",
              "Stage": "test",
              "kubernetes.io/cluster/viajemos-eks-cluster": "shared",
              "kubernetes.io/role/elb": "1"
            },
            "tags_all": {
              "Attributes": "public",
              "Name": "viajemos-test-subnet-public",
              "Namespace": "viajemos",
              "Stage": "test",
              "kubernetes.io/cluster/viajemos-eks-cluster": "shared",
              "kubernetes.io/role/elb": "1"
            },
            "vpc_id": "vpc-07f0a9c6d98931490"
          },
          "sensitive_attributes": [],
          "private": "bnVsbA==",
          "dependencies": [
            "data.aws_availability_zones.available",
            "module.dynamic_subnets.aws_subnet.public",
            "module.dynamic_subnets.data.aws_availability_zones.default",
            "module.dynamic_subnets.data.aws_vpc.default",
            "module.vpc.aws_vpc.default"
          ]
        }
      ]
    },
    {
      "module": "module.dynamic_subnets",
      "mode": "managed",
      "type": "aws_network_acl_rule",
      "name": "private4_egress",
      "provider": "provider[\"registry.terraform.io/hashicorp/aws\"]",
      "instances": [
        {
          "index_key": 0,
          "schema_version": 0,
          "attributes": {
            "cidr_block": "0.0.0.0/0",
            "egress": true,
            "from_port": 0,
            "icmp_code": null,
            "icmp_type": null,
            "id": "nacl-1581663295",
            "ipv6_cidr_block": "",
            "network_acl_id": "acl-0a4c63b3d20a8062c",
            "protocol": "-1",
            "rule_action": "allow",
            "rule_number": 100,
            "to_port": 0
          },
          "sensitive_attributes": [],
          "private": "bnVsbA==",
          "dependencies": [
            "data.aws_availability_zones.available",
            "module.dynamic_subnets.aws_network_acl.private",
            "module.dynamic_subnets.aws_subnet.private",
            "module.dynamic_subnets.data.aws_availability_zones.default",
            "module.dynamic_subnets.data.aws_vpc.default",
            "module.vpc.aws_vpc.default"
          ]
        }
      ]
    },
    {
      "module": "module.dynamic_subnets",
      "mode": "managed",
      "type": "aws_network_acl_rule",
      "name": "private4_ingress",
      "provider": "provider[\"registry.terraform.io/hashicorp/aws\"]",
      "instances": [
        {
          "index_key": 0,
          "schema_version": 0,
          "attributes": {
            "cidr_block": "0.0.0.0/0",
            "egress": false,
            "from_port": 0,
            "icmp_code": null,
            "icmp_type": null,
            "id": "nacl-3991316708",
            "ipv6_cidr_block": "",
            "network_acl_id": "acl-0a4c63b3d20a8062c",
            "protocol": "-1",
            "rule_action": "allow",
            "rule_number": 100,
            "to_port": 0
          },
          "sensitive_attributes": [],
          "private": "bnVsbA==",
          "dependencies": [
            "data.aws_availability_zones.available",
            "module.dynamic_subnets.aws_network_acl.private",
            "module.dynamic_subnets.aws_subnet.private",
            "module.dynamic_subnets.data.aws_availability_zones.default",
            "module.dynamic_subnets.data.aws_vpc.default",
            "module.vpc.aws_vpc.default"
          ]
        }
      ]
    },
    {
      "module": "module.dynamic_subnets",
      "mode": "managed",
      "type": "aws_network_acl_rule",
      "name": "public4_egress",
      "provider": "provider[\"registry.terraform.io/hashicorp/aws\"]",
      "instances": [
        {
          "index_key": 0,
          "schema_version": 0,
          "attributes": {
            "cidr_block": "0.0.0.0/0",
            "egress": true,
            "from_port": 0,
            "icmp_code": null,
            "icmp_type": null,
            "id": "nacl-3006233581",
            "ipv6_cidr_block": "",
            "network_acl_id": "acl-0f38565991a4b56a8",
            "protocol": "-1",
            "rule_action": "allow",
            "rule_number": 100,
            "to_port": 0
          },
          "sensitive_attributes": [],
          "private": "bnVsbA==",
          "dependencies": [
            "data.aws_availability_zones.available",
            "module.dynamic_subnets.aws_network_acl.public",
            "module.dynamic_subnets.aws_subnet.public",
            "module.dynamic_subnets.data.aws_availability_zones.default",
            "module.dynamic_subnets.data.aws_vpc.default",
            "module.vpc.aws_vpc.default"
          ]
        }
      ]
    },
    {
      "module": "module.dynamic_subnets",
      "mode": "managed",
      "type": "aws_network_acl_rule",
      "name": "public4_ingress",
      "provider": "provider[\"registry.terraform.io/hashicorp/aws\"]",
      "instances": [
        {
          "index_key": 0,
          "schema_version": 0,
          "attributes": {
            "cidr_block": "0.0.0.0/0",
            "egress": false,
            "from_port": 0,
            "icmp_code": null,
            "icmp_type": null,
            "id": "nacl-2245423651",
            "ipv6_cidr_block": "",
            "network_acl_id": "acl-0f38565991a4b56a8",
            "protocol": "-1",
            "rule_action": "allow",
            "rule_number": 100,
            "to_port": 0
          },
          "sensitive_attributes": [],
          "private": "bnVsbA==",
          "dependencies": [
            "data.aws_availability_zones.available",
            "module.dynamic_subnets.aws_network_acl.public",
            "module.dynamic_subnets.aws_subnet.public",
            "module.dynamic_subnets.data.aws_availability_zones.default",
            "module.dynamic_subnets.data.aws_vpc.default",
            "module.vpc.aws_vpc.default"
          ]
        }
      ]
    },
    {
      "module": "module.dynamic_subnets",
      "mode": "managed",
      "type": "aws_route",
      "name": "nat4",
      "provider": "provider[\"registry.terraform.io/hashicorp/aws\"]",
      "instances": [
        {
          "index_key": 0,
          "schema_version": 0,
          "attributes": {
            "carrier_gateway_id": "",
            "core_network_arn": "",
            "destination_cidr_block": "0.0.0.0/0",
            "destination_ipv6_cidr_block": "",
            "destination_prefix_list_id": "",
            "egress_only_gateway_id": "",
            "gateway_id": "",
            "id": "r-rtb-00769116a80ab10621080289494",
            "instance_id": "",
            "instance_owner_id": "",
            "local_gateway_id": "",
            "nat_gateway_id": "nat-07f50d760e07dfc51",
            "network_interface_id": "",
            "origin": "CreateRoute",
            "route_table_id": "rtb-00769116a80ab1062",
            "state": "active",
            "timeouts": {
              "create": null,
              "delete": null,
              "update": null
            },
            "transit_gateway_id": "",
            "vpc_endpoint_id": "",
            "vpc_peering_connection_id": ""
          },
          "sensitive_attributes": [],
          "private": "eyJlMmJmYjczMC1lY2FhLTExZTYtOGY4OC0zNDM2M2JjN2M0YzAiOnsiY3JlYXRlIjozMDAwMDAwMDAwMDAsImRlbGV0ZSI6MzAwMDAwMDAwMDAwLCJ1cGRhdGUiOjEyMDAwMDAwMDAwMH19",
          "dependencies": [
            "data.aws_availability_zones.available",
            "module.dynamic_subnets.aws_eip.default",
            "module.dynamic_subnets.aws_eip_association.nat_instance",
            "module.dynamic_subnets.aws_instance.nat_instance",
            "module.dynamic_subnets.aws_nat_gateway.default",
            "module.dynamic_subnets.aws_route_table.private",
            "module.dynamic_subnets.aws_security_group.nat_instance",
            "module.dynamic_subnets.aws_subnet.public",
            "module.dynamic_subnets.data.aws_ami.nat_instance",
            "module.dynamic_subnets.data.aws_availability_zones.default",
            "module.dynamic_subnets.data.aws_eip.nat",
            "module.dynamic_subnets.data.aws_vpc.default",
            "module.vpc.aws_vpc.default"
          ]
        },
        {
          "index_key": 1,
          "schema_version": 0,
          "attributes": {
            "carrier_gateway_id": "",
            "core_network_arn": "",
            "destination_cidr_block": "0.0.0.0/0",
            "destination_ipv6_cidr_block": "",
            "destination_prefix_list_id": "",
            "egress_only_gateway_id": "",
            "gateway_id": "",
            "id": "r-rtb-0db119559bed5b3aa1080289494",
            "instance_id": "",
            "instance_owner_id": "",
            "local_gateway_id": "",
            "nat_gateway_id": "nat-05dac9a69a2d3559c",
            "network_interface_id": "",
            "origin": "CreateRoute",
            "route_table_id": "rtb-0db119559bed5b3aa",
            "state": "active",
            "timeouts": {
              "create": null,
              "delete": null,
              "update": null
            },
            "transit_gateway_id": "",
            "vpc_endpoint_id": "",
            "vpc_peering_connection_id": ""
          },
          "sensitive_attributes": [],
          "private": "eyJlMmJmYjczMC1lY2FhLTExZTYtOGY4OC0zNDM2M2JjN2M0YzAiOnsiY3JlYXRlIjozMDAwMDAwMDAwMDAsImRlbGV0ZSI6MzAwMDAwMDAwMDAwLCJ1cGRhdGUiOjEyMDAwMDAwMDAwMH19",
          "dependencies": [
            "data.aws_availability_zones.available",
            "module.dynamic_subnets.aws_eip.default",
            "module.dynamic_subnets.aws_eip_association.nat_instance",
            "module.dynamic_subnets.aws_instance.nat_instance",
            "module.dynamic_subnets.aws_nat_gateway.default",
            "module.dynamic_subnets.aws_route_table.private",
            "module.dynamic_subnets.aws_security_group.nat_instance",
            "module.dynamic_subnets.aws_subnet.public",
            "module.dynamic_subnets.data.aws_ami.nat_instance",
            "module.dynamic_subnets.data.aws_availability_zones.default",
            "module.dynamic_subnets.data.aws_eip.nat",
            "module.dynamic_subnets.data.aws_vpc.default",
            "module.vpc.aws_vpc.default"
          ]
        },
        {
          "index_key": 2,
          "schema_version": 0,
          "attributes": {
            "carrier_gateway_id": "",
            "core_network_arn": "",
            "destination_cidr_block": "0.0.0.0/0",
            "destination_ipv6_cidr_block": "",
            "destination_prefix_list_id": "",
            "egress_only_gateway_id": "",
            "gateway_id": "",
            "id": "r-rtb-0f90bb9597218594f1080289494",
            "instance_id": "",
            "instance_owner_id": "",
            "local_gateway_id": "",
            "nat_gateway_id": "nat-04acd24b18dad0cf6",
            "network_interface_id": "",
            "origin": "CreateRoute",
            "route_table_id": "rtb-0f90bb9597218594f",
            "state": "active",
            "timeouts": {
              "create": null,
              "delete": null,
              "update": null
            },
            "transit_gateway_id": "",
            "vpc_endpoint_id": "",
            "vpc_peering_connection_id": ""
          },
          "sensitive_attributes": [],
          "private": "eyJlMmJmYjczMC1lY2FhLTExZTYtOGY4OC0zNDM2M2JjN2M0YzAiOnsiY3JlYXRlIjozMDAwMDAwMDAwMDAsImRlbGV0ZSI6MzAwMDAwMDAwMDAwLCJ1cGRhdGUiOjEyMDAwMDAwMDAwMH19",
          "dependencies": [
            "data.aws_availability_zones.available",
            "module.dynamic_subnets.aws_eip.default",
            "module.dynamic_subnets.aws_eip_association.nat_instance",
            "module.dynamic_subnets.aws_instance.nat_instance",
            "module.dynamic_subnets.aws_nat_gateway.default",
            "module.dynamic_subnets.aws_route_table.private",
            "module.dynamic_subnets.aws_security_group.nat_instance",
            "module.dynamic_subnets.aws_subnet.public",
            "module.dynamic_subnets.data.aws_ami.nat_instance",
            "module.dynamic_subnets.data.aws_availability_zones.default",
            "module.dynamic_subnets.data.aws_eip.nat",
            "module.dynamic_subnets.data.aws_vpc.default",
            "module.vpc.aws_vpc.default"
          ]
        }
      ]
    },
    {
      "module": "module.dynamic_subnets",
      "mode": "managed",
      "type": "aws_route",
      "name": "public",
      "provider": "provider[\"registry.terraform.io/hashicorp/aws\"]",
      "instances": [
        {
          "index_key": 0,
          "schema_version": 0,
          "attributes": {
            "carrier_gateway_id": "",
            "core_network_arn": "",
            "destination_cidr_block": "0.0.0.0/0",
            "destination_ipv6_cidr_block": "",
            "destination_prefix_list_id": "",
            "egress_only_gateway_id": "",
            "gateway_id": "igw-0c0fddde288ae2572",
            "id": "r-rtb-09251f30b25afc7db1080289494",
            "instance_id": "",
            "instance_owner_id": "",
            "local_gateway_id": "",
            "nat_gateway_id": "",
            "network_interface_id": "",
            "origin": "CreateRoute",
            "route_table_id": "rtb-09251f30b25afc7db",
            "state": "active",
            "timeouts": {
              "create": null,
              "delete": null,
              "update": null
            },
            "transit_gateway_id": "",
            "vpc_endpoint_id": "",
            "vpc_peering_connection_id": ""
          },
          "sensitive_attributes": [],
          "private": "eyJlMmJmYjczMC1lY2FhLTExZTYtOGY4OC0zNDM2M2JjN2M0YzAiOnsiY3JlYXRlIjozMDAwMDAwMDAwMDAsImRlbGV0ZSI6MzAwMDAwMDAwMDAwLCJ1cGRhdGUiOjEyMDAwMDAwMDAwMH19",
          "dependencies": [
            "data.aws_availability_zones.available",
            "module.dynamic_subnets.aws_route_table.public",
            "module.dynamic_subnets.data.aws_availability_zones.default",
            "module.vpc.aws_internet_gateway.default",
            "module.vpc.aws_vpc.default"
          ]
        }
      ]
    },
    {
      "module": "module.dynamic_subnets",
      "mode": "managed",
      "type": "aws_route_table",
      "name": "private",
      "provider": "provider[\"registry.terraform.io/hashicorp/aws\"]",
      "instances": [
        {
          "index_key": 0,
          "schema_version": 0,
          "attributes": {
            "arn": "arn:aws:ec2:us-east-1:791718719052:route-table/rtb-00769116a80ab1062",
            "id": "rtb-00769116a80ab1062",
            "owner_id": "791718719052",
            "propagating_vgws": [],
            "route": [
              {
                "carrier_gateway_id": "",
                "cidr_block": "0.0.0.0/0",
                "core_network_arn": "",
                "destination_prefix_list_id": "",
                "egress_only_gateway_id": "",
                "gateway_id": "",
                "ipv6_cidr_block": "",
                "local_gateway_id": "",
                "nat_gateway_id": "nat-07f50d760e07dfc51",
                "network_interface_id": "",
                "transit_gateway_id": "",
                "vpc_endpoint_id": "",
                "vpc_peering_connection_id": ""
              }
            ],
            "tags": {
              "Attributes": "private",
              "Name": "viajemos-test-subnet-private-use1a",
              "Namespace": "viajemos",
              "Stage": "test",
              "kubernetes.io/cluster/viajemos-eks-cluster": "shared",
              "kubernetes.io/role/internal-elb": "1"
            },
            "tags_all": {
              "Attributes": "private",
              "Name": "viajemos-test-subnet-private-use1a",
              "Namespace": "viajemos",
              "Stage": "test",
              "kubernetes.io/cluster/viajemos-eks-cluster": "shared",
              "kubernetes.io/role/internal-elb": "1"
            },
            "timeouts": null,
            "vpc_id": "vpc-07f0a9c6d98931490"
          },
          "sensitive_attributes": [],
          "private": "eyJlMmJmYjczMC1lY2FhLTExZTYtOGY4OC0zNDM2M2JjN2M0YzAiOnsiY3JlYXRlIjozMDAwMDAwMDAwMDAsImRlbGV0ZSI6MzAwMDAwMDAwMDAwLCJ1cGRhdGUiOjEyMDAwMDAwMDAwMH19",
          "dependencies": [
            "data.aws_availability_zones.available",
            "module.dynamic_subnets.data.aws_availability_zones.default",
            "module.vpc.aws_vpc.default"
          ]
        },
        {
          "index_key": 1,
          "schema_version": 0,
          "attributes": {
            "arn": "arn:aws:ec2:us-east-1:791718719052:route-table/rtb-0db119559bed5b3aa",
            "id": "rtb-0db119559bed5b3aa",
            "owner_id": "791718719052",
            "propagating_vgws": [],
            "route": [
              {
                "carrier_gateway_id": "",
                "cidr_block": "0.0.0.0/0",
                "core_network_arn": "",
                "destination_prefix_list_id": "",
                "egress_only_gateway_id": "",
                "gateway_id": "",
                "ipv6_cidr_block": "",
                "local_gateway_id": "",
                "nat_gateway_id": "nat-05dac9a69a2d3559c",
                "network_interface_id": "",
                "transit_gateway_id": "",
                "vpc_endpoint_id": "",
                "vpc_peering_connection_id": ""
              }
            ],
            "tags": {
              "Attributes": "private",
              "Name": "viajemos-test-subnet-private-use1b",
              "Namespace": "viajemos",
              "Stage": "test",
              "kubernetes.io/cluster/viajemos-eks-cluster": "shared",
              "kubernetes.io/role/internal-elb": "1"
            },
            "tags_all": {
              "Attributes": "private",
              "Name": "viajemos-test-subnet-private-use1b",
              "Namespace": "viajemos",
              "Stage": "test",
              "kubernetes.io/cluster/viajemos-eks-cluster": "shared",
              "kubernetes.io/role/internal-elb": "1"
            },
            "timeouts": null,
            "vpc_id": "vpc-07f0a9c6d98931490"
          },
          "sensitive_attributes": [],
          "private": "eyJlMmJmYjczMC1lY2FhLTExZTYtOGY4OC0zNDM2M2JjN2M0YzAiOnsiY3JlYXRlIjozMDAwMDAwMDAwMDAsImRlbGV0ZSI6MzAwMDAwMDAwMDAwLCJ1cGRhdGUiOjEyMDAwMDAwMDAwMH19",
          "dependencies": [
            "data.aws_availability_zones.available",
            "module.dynamic_subnets.data.aws_availability_zones.default",
            "module.vpc.aws_vpc.default"
          ]
        },
        {
          "index_key": 2,
          "schema_version": 0,
          "attributes": {
            "arn": "arn:aws:ec2:us-east-1:791718719052:route-table/rtb-0f90bb9597218594f",
            "id": "rtb-0f90bb9597218594f",
            "owner_id": "791718719052",
            "propagating_vgws": [],
            "route": [
              {
                "carrier_gateway_id": "",
                "cidr_block": "0.0.0.0/0",
                "core_network_arn": "",
                "destination_prefix_list_id": "",
                "egress_only_gateway_id": "",
                "gateway_id": "",
                "ipv6_cidr_block": "",
                "local_gateway_id": "",
                "nat_gateway_id": "nat-04acd24b18dad0cf6",
                "network_interface_id": "",
                "transit_gateway_id": "",
                "vpc_endpoint_id": "",
                "vpc_peering_connection_id": ""
              }
            ],
            "tags": {
              "Attributes": "private",
              "Name": "viajemos-test-subnet-private-use1c",
              "Namespace": "viajemos",
              "Stage": "test",
              "kubernetes.io/cluster/viajemos-eks-cluster": "shared",
              "kubernetes.io/role/internal-elb": "1"
            },
            "tags_all": {
              "Attributes": "private",
              "Name": "viajemos-test-subnet-private-use1c",
              "Namespace": "viajemos",
              "Stage": "test",
              "kubernetes.io/cluster/viajemos-eks-cluster": "shared",
              "kubernetes.io/role/internal-elb": "1"
            },
            "timeouts": null,
            "vpc_id": "vpc-07f0a9c6d98931490"
          },
          "sensitive_attributes": [],
          "private": "eyJlMmJmYjczMC1lY2FhLTExZTYtOGY4OC0zNDM2M2JjN2M0YzAiOnsiY3JlYXRlIjozMDAwMDAwMDAwMDAsImRlbGV0ZSI6MzAwMDAwMDAwMDAwLCJ1cGRhdGUiOjEyMDAwMDAwMDAwMH19",
          "dependencies": [
            "data.aws_availability_zones.available",
            "module.dynamic_subnets.data.aws_availability_zones.default",
            "module.vpc.aws_vpc.default"
          ]
        }
      ]
    },
    {
      "module": "module.dynamic_subnets",
      "mode": "managed",
      "type": "aws_route_table",
      "name": "public",
      "provider": "provider[\"registry.terraform.io/hashicorp/aws\"]",
      "instances": [
        {
          "index_key": 0,
          "schema_version": 0,
          "attributes": {
            "arn": "arn:aws:ec2:us-east-1:791718719052:route-table/rtb-09251f30b25afc7db",
            "id": "rtb-09251f30b25afc7db",
            "owner_id": "791718719052",
            "propagating_vgws": [],
            "route": [
              {
                "carrier_gateway_id": "",
                "cidr_block": "0.0.0.0/0",
                "core_network_arn": "",
                "destination_prefix_list_id": "",
                "egress_only_gateway_id": "",
                "gateway_id": "igw-0c0fddde288ae2572",
                "ipv6_cidr_block": "",
                "local_gateway_id": "",
                "nat_gateway_id": "",
                "network_interface_id": "",
                "transit_gateway_id": "",
                "vpc_endpoint_id": "",
                "vpc_peering_connection_id": ""
              }
            ],
            "tags": {
              "Attributes": "public",
              "Name": "viajemos-test-subnet-public",
              "Namespace": "viajemos",
              "Stage": "test",
              "kubernetes.io/cluster/viajemos-eks-cluster": "shared",
              "kubernetes.io/role/elb": "1"
            },
            "tags_all": {
              "Attributes": "public",
              "Name": "viajemos-test-subnet-public",
              "Namespace": "viajemos",
              "Stage": "test",
              "kubernetes.io/cluster/viajemos-eks-cluster": "shared",
              "kubernetes.io/role/elb": "1"
            },
            "timeouts": null,
            "vpc_id": "vpc-07f0a9c6d98931490"
          },
          "sensitive_attributes": [],
          "private": "eyJlMmJmYjczMC1lY2FhLTExZTYtOGY4OC0zNDM2M2JjN2M0YzAiOnsiY3JlYXRlIjozMDAwMDAwMDAwMDAsImRlbGV0ZSI6MzAwMDAwMDAwMDAwLCJ1cGRhdGUiOjEyMDAwMDAwMDAwMH19",
          "dependencies": [
            "data.aws_availability_zones.available",
            "module.dynamic_subnets.data.aws_availability_zones.default",
            "module.vpc.aws_vpc.default"
          ]
        }
      ]
    },
    {
      "module": "module.dynamic_subnets",
      "mode": "managed",
      "type": "aws_route_table_association",
      "name": "private",
      "provider": "provider[\"registry.terraform.io/hashicorp/aws\"]",
      "instances": [
        {
          "index_key": 0,
          "schema_version": 0,
          "attributes": {
            "gateway_id": "",
            "id": "rtbassoc-0d2cca74fa0f46fc1",
            "route_table_id": "rtb-00769116a80ab1062",
            "subnet_id": "subnet-01238c8a09a369e54",
            "timeouts": null
          },
          "sensitive_attributes": [],
          "private": "eyJlMmJmYjczMC1lY2FhLTExZTYtOGY4OC0zNDM2M2JjN2M0YzAiOnsiY3JlYXRlIjozMDAwMDAwMDAwMDAsImRlbGV0ZSI6MzAwMDAwMDAwMDAwLCJ1cGRhdGUiOjEyMDAwMDAwMDAwMH19",
          "dependencies": [
            "data.aws_availability_zones.available",
            "module.dynamic_subnets.aws_route_table.private",
            "module.dynamic_subnets.aws_subnet.private",
            "module.dynamic_subnets.data.aws_availability_zones.default",
            "module.dynamic_subnets.data.aws_vpc.default",
            "module.vpc.aws_vpc.default"
          ]
        },
        {
          "index_key": 1,
          "schema_version": 0,
          "attributes": {
            "gateway_id": "",
            "id": "rtbassoc-07330049fda41ce45",
            "route_table_id": "rtb-0db119559bed5b3aa",
            "subnet_id": "subnet-0694a9b948ae68a17",
            "timeouts": null
          },
          "sensitive_attributes": [],
          "private": "eyJlMmJmYjczMC1lY2FhLTExZTYtOGY4OC0zNDM2M2JjN2M0YzAiOnsiY3JlYXRlIjozMDAwMDAwMDAwMDAsImRlbGV0ZSI6MzAwMDAwMDAwMDAwLCJ1cGRhdGUiOjEyMDAwMDAwMDAwMH19",
          "dependencies": [
            "data.aws_availability_zones.available",
            "module.dynamic_subnets.aws_route_table.private",
            "module.dynamic_subnets.aws_subnet.private",
            "module.dynamic_subnets.data.aws_availability_zones.default",
            "module.dynamic_subnets.data.aws_vpc.default",
            "module.vpc.aws_vpc.default"
          ]
        },
        {
          "index_key": 2,
          "schema_version": 0,
          "attributes": {
            "gateway_id": "",
            "id": "rtbassoc-08983440a356eff1e",
            "route_table_id": "rtb-0f90bb9597218594f",
            "subnet_id": "subnet-04732dd0e257a67c7",
            "timeouts": null
          },
          "sensitive_attributes": [],
          "private": "eyJlMmJmYjczMC1lY2FhLTExZTYtOGY4OC0zNDM2M2JjN2M0YzAiOnsiY3JlYXRlIjozMDAwMDAwMDAwMDAsImRlbGV0ZSI6MzAwMDAwMDAwMDAwLCJ1cGRhdGUiOjEyMDAwMDAwMDAwMH19",
          "dependencies": [
            "data.aws_availability_zones.available",
            "module.dynamic_subnets.aws_route_table.private",
            "module.dynamic_subnets.aws_subnet.private",
            "module.dynamic_subnets.data.aws_availability_zones.default",
            "module.dynamic_subnets.data.aws_vpc.default",
            "module.vpc.aws_vpc.default"
          ]
        }
      ]
    },
    {
      "module": "module.dynamic_subnets",
      "mode": "managed",
      "type": "aws_route_table_association",
      "name": "public",
      "provider": "provider[\"registry.terraform.io/hashicorp/aws\"]",
      "instances": [
        {
          "index_key": 0,
          "schema_version": 0,
          "attributes": {
            "gateway_id": "",
            "id": "rtbassoc-05ee0a4df180110cb",
            "route_table_id": "rtb-09251f30b25afc7db",
            "subnet_id": "subnet-0628c4c6584da7bc1",
            "timeouts": null
          },
          "sensitive_attributes": [],
          "private": "eyJlMmJmYjczMC1lY2FhLTExZTYtOGY4OC0zNDM2M2JjN2M0YzAiOnsiY3JlYXRlIjozMDAwMDAwMDAwMDAsImRlbGV0ZSI6MzAwMDAwMDAwMDAwLCJ1cGRhdGUiOjEyMDAwMDAwMDAwMH19",
          "dependencies": [
            "data.aws_availability_zones.available",
            "module.dynamic_subnets.aws_route_table.public",
            "module.dynamic_subnets.aws_subnet.public",
            "module.dynamic_subnets.data.aws_availability_zones.default",
            "module.dynamic_subnets.data.aws_vpc.default",
            "module.vpc.aws_vpc.default"
          ]
        },
        {
          "index_key": 1,
          "schema_version": 0,
          "attributes": {
            "gateway_id": "",
            "id": "rtbassoc-06165ab0bc562d54f",
            "route_table_id": "rtb-09251f30b25afc7db",
            "subnet_id": "subnet-0edc0533c216eae65",
            "timeouts": null
          },
          "sensitive_attributes": [],
          "private": "eyJlMmJmYjczMC1lY2FhLTExZTYtOGY4OC0zNDM2M2JjN2M0YzAiOnsiY3JlYXRlIjozMDAwMDAwMDAwMDAsImRlbGV0ZSI6MzAwMDAwMDAwMDAwLCJ1cGRhdGUiOjEyMDAwMDAwMDAwMH19",
          "dependencies": [
            "data.aws_availability_zones.available",
            "module.dynamic_subnets.aws_route_table.public",
            "module.dynamic_subnets.aws_subnet.public",
            "module.dynamic_subnets.data.aws_availability_zones.default",
            "module.dynamic_subnets.data.aws_vpc.default",
            "module.vpc.aws_vpc.default"
          ]
        },
        {
          "index_key": 2,
          "schema_version": 0,
          "attributes": {
            "gateway_id": "",
            "id": "rtbassoc-06da25379a7263fa6",
            "route_table_id": "rtb-09251f30b25afc7db",
            "subnet_id": "subnet-0a363a0dcc0e759b4",
            "timeouts": null
          },
          "sensitive_attributes": [],
          "private": "eyJlMmJmYjczMC1lY2FhLTExZTYtOGY4OC0zNDM2M2JjN2M0YzAiOnsiY3JlYXRlIjozMDAwMDAwMDAwMDAsImRlbGV0ZSI6MzAwMDAwMDAwMDAwLCJ1cGRhdGUiOjEyMDAwMDAwMDAwMH19",
          "dependencies": [
            "data.aws_availability_zones.available",
            "module.dynamic_subnets.aws_route_table.public",
            "module.dynamic_subnets.aws_subnet.public",
            "module.dynamic_subnets.data.aws_availability_zones.default",
            "module.dynamic_subnets.data.aws_vpc.default",
            "module.vpc.aws_vpc.default"
          ]
        }
      ]
    },
    {
      "module": "module.dynamic_subnets",
      "mode": "managed",
      "type": "aws_subnet",
      "name": "private",
      "provider": "provider[\"registry.terraform.io/hashicorp/aws\"]",
      "instances": [
        {
          "index_key": 0,
          "schema_version": 1,
          "attributes": {
            "arn": "arn:aws:ec2:us-east-1:791718719052:subnet/subnet-01238c8a09a369e54",
            "assign_ipv6_address_on_creation": false,
            "availability_zone": "us-east-1a",
            "availability_zone_id": "use1-az1",
            "cidr_block": "10.0.0.0/20",
            "customer_owned_ipv4_pool": "",
            "enable_dns64": false,
            "enable_lni_at_device_index": 0,
            "enable_resource_name_dns_a_record_on_launch": false,
            "enable_resource_name_dns_aaaa_record_on_launch": false,
            "id": "subnet-01238c8a09a369e54",
            "ipv6_cidr_block": "",
            "ipv6_cidr_block_association_id": "",
            "ipv6_native": false,
            "map_customer_owned_ip_on_launch": false,
            "map_public_ip_on_launch": false,
            "outpost_arn": "",
            "owner_id": "791718719052",
            "private_dns_hostname_type_on_launch": "ip-name",
            "tags": {
              "Attributes": "private",
              "Name": "viajemos-test-subnet-private-use1a",
              "Namespace": "viajemos",
              "Stage": "test",
              "kubernetes.io/cluster/viajemos-eks-cluster": "shared",
              "kubernetes.io/role/internal-elb": "1"
            },
            "tags_all": {
              "Attributes": "private",
              "Name": "viajemos-test-subnet-private-use1a",
              "Namespace": "viajemos",
              "Stage": "test",
              "kubernetes.io/cluster/viajemos-eks-cluster": "shared",
              "kubernetes.io/role/internal-elb": "1"
            },
            "timeouts": {
              "create": null,
              "delete": null
            },
            "vpc_id": "vpc-07f0a9c6d98931490"
          },
          "sensitive_attributes": [],
          "private": "eyJlMmJmYjczMC1lY2FhLTExZTYtOGY4OC0zNDM2M2JjN2M0YzAiOnsiY3JlYXRlIjo2MDAwMDAwMDAwMDAsImRlbGV0ZSI6MTIwMDAwMDAwMDAwMH0sInNjaGVtYV92ZXJzaW9uIjoiMSJ9",
          "dependencies": [
            "data.aws_availability_zones.available",
            "module.dynamic_subnets.data.aws_availability_zones.default",
            "module.dynamic_subnets.data.aws_vpc.default",
            "module.vpc.aws_vpc.default"
          ]
        },
        {
          "index_key": 1,
          "schema_version": 1,
          "attributes": {
            "arn": "arn:aws:ec2:us-east-1:791718719052:subnet/subnet-0694a9b948ae68a17",
            "assign_ipv6_address_on_creation": false,
            "availability_zone": "us-east-1b",
            "availability_zone_id": "use1-az2",
            "cidr_block": "10.0.16.0/20",
            "customer_owned_ipv4_pool": "",
            "enable_dns64": false,
            "enable_lni_at_device_index": 0,
            "enable_resource_name_dns_a_record_on_launch": false,
            "enable_resource_name_dns_aaaa_record_on_launch": false,
            "id": "subnet-0694a9b948ae68a17",
            "ipv6_cidr_block": "",
            "ipv6_cidr_block_association_id": "",
            "ipv6_native": false,
            "map_customer_owned_ip_on_launch": false,
            "map_public_ip_on_launch": false,
            "outpost_arn": "",
            "owner_id": "791718719052",
            "private_dns_hostname_type_on_launch": "ip-name",
            "tags": {
              "Attributes": "private",
              "Name": "viajemos-test-subnet-private-use1b",
              "Namespace": "viajemos",
              "Stage": "test",
              "kubernetes.io/cluster/viajemos-eks-cluster": "shared",
              "kubernetes.io/role/internal-elb": "1"
            },
            "tags_all": {
              "Attributes": "private",
              "Name": "viajemos-test-subnet-private-use1b",
              "Namespace": "viajemos",
              "Stage": "test",
              "kubernetes.io/cluster/viajemos-eks-cluster": "shared",
              "kubernetes.io/role/internal-elb": "1"
            },
            "timeouts": {
              "create": null,
              "delete": null
            },
            "vpc_id": "vpc-07f0a9c6d98931490"
          },
          "sensitive_attributes": [],
          "private": "eyJlMmJmYjczMC1lY2FhLTExZTYtOGY4OC0zNDM2M2JjN2M0YzAiOnsiY3JlYXRlIjo2MDAwMDAwMDAwMDAsImRlbGV0ZSI6MTIwMDAwMDAwMDAwMH0sInNjaGVtYV92ZXJzaW9uIjoiMSJ9",
          "dependencies": [
            "data.aws_availability_zones.available",
            "module.dynamic_subnets.data.aws_availability_zones.default",
            "module.dynamic_subnets.data.aws_vpc.default",
            "module.vpc.aws_vpc.default"
          ]
        },
        {
          "index_key": 2,
          "schema_version": 1,
          "attributes": {
            "arn": "arn:aws:ec2:us-east-1:791718719052:subnet/subnet-04732dd0e257a67c7",
            "assign_ipv6_address_on_creation": false,
            "availability_zone": "us-east-1c",
            "availability_zone_id": "use1-az4",
            "cidr_block": "10.0.32.0/20",
            "customer_owned_ipv4_pool": "",
            "enable_dns64": false,
            "enable_lni_at_device_index": 0,
            "enable_resource_name_dns_a_record_on_launch": false,
            "enable_resource_name_dns_aaaa_record_on_launch": false,
            "id": "subnet-04732dd0e257a67c7",
            "ipv6_cidr_block": "",
            "ipv6_cidr_block_association_id": "",
            "ipv6_native": false,
            "map_customer_owned_ip_on_launch": false,
            "map_public_ip_on_launch": false,
            "outpost_arn": "",
            "owner_id": "791718719052",
            "private_dns_hostname_type_on_launch": "ip-name",
            "tags": {
              "Attributes": "private",
              "Name": "viajemos-test-subnet-private-use1c",
              "Namespace": "viajemos",
              "Stage": "test",
              "kubernetes.io/cluster/viajemos-eks-cluster": "shared",
              "kubernetes.io/role/internal-elb": "1"
            },
            "tags_all": {
              "Attributes": "private",
              "Name": "viajemos-test-subnet-private-use1c",
              "Namespace": "viajemos",
              "Stage": "test",
              "kubernetes.io/cluster/viajemos-eks-cluster": "shared",
              "kubernetes.io/role/internal-elb": "1"
            },
            "timeouts": {
              "create": null,
              "delete": null
            },
            "vpc_id": "vpc-07f0a9c6d98931490"
          },
          "sensitive_attributes": [],
          "private": "eyJlMmJmYjczMC1lY2FhLTExZTYtOGY4OC0zNDM2M2JjN2M0YzAiOnsiY3JlYXRlIjo2MDAwMDAwMDAwMDAsImRlbGV0ZSI6MTIwMDAwMDAwMDAwMH0sInNjaGVtYV92ZXJzaW9uIjoiMSJ9",
          "dependencies": [
            "data.aws_availability_zones.available",
            "module.dynamic_subnets.data.aws_availability_zones.default",
            "module.dynamic_subnets.data.aws_vpc.default",
            "module.vpc.aws_vpc.default"
          ]
        }
      ]
    },
    {
      "module": "module.dynamic_subnets",
      "mode": "managed",
      "type": "aws_subnet",
      "name": "public",
      "provider": "provider[\"registry.terraform.io/hashicorp/aws\"]",
      "instances": [
        {
          "index_key": 0,
          "schema_version": 1,
          "attributes": {
            "arn": "arn:aws:ec2:us-east-1:791718719052:subnet/subnet-0628c4c6584da7bc1",
            "assign_ipv6_address_on_creation": false,
            "availability_zone": "us-east-1a",
            "availability_zone_id": "use1-az1",
            "cidr_block": "10.0.96.0/20",
            "customer_owned_ipv4_pool": "",
            "enable_dns64": false,
            "enable_lni_at_device_index": 0,
            "enable_resource_name_dns_a_record_on_launch": false,
            "enable_resource_name_dns_aaaa_record_on_launch": false,
            "id": "subnet-0628c4c6584da7bc1",
            "ipv6_cidr_block": "",
            "ipv6_cidr_block_association_id": "",
            "ipv6_native": false,
            "map_customer_owned_ip_on_launch": false,
            "map_public_ip_on_launch": true,
            "outpost_arn": "",
            "owner_id": "791718719052",
            "private_dns_hostname_type_on_launch": "ip-name",
            "tags": {
              "Attributes": "public",
              "Name": "viajemos-test-subnet-public-use1a",
              "Namespace": "viajemos",
              "Stage": "test",
              "kubernetes.io/cluster/viajemos-eks-cluster": "shared",
              "kubernetes.io/role/elb": "1"
            },
            "tags_all": {
              "Attributes": "public",
              "Name": "viajemos-test-subnet-public-use1a",
              "Namespace": "viajemos",
              "Stage": "test",
              "kubernetes.io/cluster/viajemos-eks-cluster": "shared",
              "kubernetes.io/role/elb": "1"
            },
            "timeouts": {
              "create": null,
              "delete": null
            },
            "vpc_id": "vpc-07f0a9c6d98931490"
          },
          "sensitive_attributes": [],
          "private": "eyJlMmJmYjczMC1lY2FhLTExZTYtOGY4OC0zNDM2M2JjN2M0YzAiOnsiY3JlYXRlIjo2MDAwMDAwMDAwMDAsImRlbGV0ZSI6MTIwMDAwMDAwMDAwMH0sInNjaGVtYV92ZXJzaW9uIjoiMSJ9",
          "dependencies": [
            "data.aws_availability_zones.available",
            "module.dynamic_subnets.data.aws_availability_zones.default",
            "module.dynamic_subnets.data.aws_vpc.default",
            "module.vpc.aws_vpc.default"
          ]
        },
        {
          "index_key": 1,
          "schema_version": 1,
          "attributes": {
            "arn": "arn:aws:ec2:us-east-1:791718719052:subnet/subnet-0edc0533c216eae65",
            "assign_ipv6_address_on_creation": false,
            "availability_zone": "us-east-1b",
            "availability_zone_id": "use1-az2",
            "cidr_block": "10.0.112.0/20",
            "customer_owned_ipv4_pool": "",
            "enable_dns64": false,
            "enable_lni_at_device_index": 0,
            "enable_resource_name_dns_a_record_on_launch": false,
            "enable_resource_name_dns_aaaa_record_on_launch": false,
            "id": "subnet-0edc0533c216eae65",
            "ipv6_cidr_block": "",
            "ipv6_cidr_block_association_id": "",
            "ipv6_native": false,
            "map_customer_owned_ip_on_launch": false,
            "map_public_ip_on_launch": true,
            "outpost_arn": "",
            "owner_id": "791718719052",
            "private_dns_hostname_type_on_launch": "ip-name",
            "tags": {
              "Attributes": "public",
              "Name": "viajemos-test-subnet-public-use1b",
              "Namespace": "viajemos",
              "Stage": "test",
              "kubernetes.io/cluster/viajemos-eks-cluster": "shared",
              "kubernetes.io/role/elb": "1"
            },
            "tags_all": {
              "Attributes": "public",
              "Name": "viajemos-test-subnet-public-use1b",
              "Namespace": "viajemos",
              "Stage": "test",
              "kubernetes.io/cluster/viajemos-eks-cluster": "shared",
              "kubernetes.io/role/elb": "1"
            },
            "timeouts": {
              "create": null,
              "delete": null
            },
            "vpc_id": "vpc-07f0a9c6d98931490"
          },
          "sensitive_attributes": [],
          "private": "eyJlMmJmYjczMC1lY2FhLTExZTYtOGY4OC0zNDM2M2JjN2M0YzAiOnsiY3JlYXRlIjo2MDAwMDAwMDAwMDAsImRlbGV0ZSI6MTIwMDAwMDAwMDAwMH0sInNjaGVtYV92ZXJzaW9uIjoiMSJ9",
          "dependencies": [
            "data.aws_availability_zones.available",
            "module.dynamic_subnets.data.aws_availability_zones.default",
            "module.dynamic_subnets.data.aws_vpc.default",
            "module.vpc.aws_vpc.default"
          ]
        },
        {
          "index_key": 2,
          "schema_version": 1,
          "attributes": {
            "arn": "arn:aws:ec2:us-east-1:791718719052:subnet/subnet-0a363a0dcc0e759b4",
            "assign_ipv6_address_on_creation": false,
            "availability_zone": "us-east-1c",
            "availability_zone_id": "use1-az4",
            "cidr_block": "10.0.128.0/20",
            "customer_owned_ipv4_pool": "",
            "enable_dns64": false,
            "enable_lni_at_device_index": 0,
            "enable_resource_name_dns_a_record_on_launch": false,
            "enable_resource_name_dns_aaaa_record_on_launch": false,
            "id": "subnet-0a363a0dcc0e759b4",
            "ipv6_cidr_block": "",
            "ipv6_cidr_block_association_id": "",
            "ipv6_native": false,
            "map_customer_owned_ip_on_launch": false,
            "map_public_ip_on_launch": true,
            "outpost_arn": "",
            "owner_id": "791718719052",
            "private_dns_hostname_type_on_launch": "ip-name",
            "tags": {
              "Attributes": "public",
              "Name": "viajemos-test-subnet-public-use1c",
              "Namespace": "viajemos",
              "Stage": "test",
              "kubernetes.io/cluster/viajemos-eks-cluster": "shared",
              "kubernetes.io/role/elb": "1"
            },
            "tags_all": {
              "Attributes": "public",
              "Name": "viajemos-test-subnet-public-use1c",
              "Namespace": "viajemos",
              "Stage": "test",
              "kubernetes.io/cluster/viajemos-eks-cluster": "shared",
              "kubernetes.io/role/elb": "1"
            },
            "timeouts": {
              "create": null,
              "delete": null
            },
            "vpc_id": "vpc-07f0a9c6d98931490"
          },
          "sensitive_attributes": [],
          "private": "eyJlMmJmYjczMC1lY2FhLTExZTYtOGY4OC0zNDM2M2JjN2M0YzAiOnsiY3JlYXRlIjo2MDAwMDAwMDAwMDAsImRlbGV0ZSI6MTIwMDAwMDAwMDAwMH0sInNjaGVtYV92ZXJzaW9uIjoiMSJ9",
          "dependencies": [
            "data.aws_availability_zones.available",
            "module.dynamic_subnets.data.aws_availability_zones.default",
            "module.dynamic_subnets.data.aws_vpc.default",
            "module.vpc.aws_vpc.default"
          ]
        }
      ]
    },
    {
      "module": "module.dynamic_subnets.module.utils",
      "mode": "data",
      "type": "aws_regions",
      "name": "complete",
      "provider": "provider[\"registry.terraform.io/hashicorp/aws\"]",
      "instances": [
        {
          "schema_version": 0,
          "attributes": {
            "all_regions": true,
            "filter": [],
            "id": "aws",
            "names": [
              "af-south-1",
              "ap-east-1",
              "ap-northeast-1",
              "ap-northeast-2",
              "ap-northeast-3",
              "ap-south-1",
              "ap-south-2",
              "ap-southeast-1",
              "ap-southeast-2",
              "ap-southeast-3",
              "ap-southeast-4",
              "ca-central-1",
              "ca-west-1",
              "eu-central-1",
              "eu-central-2",
              "eu-north-1",
              "eu-south-1",
              "eu-south-2",
              "eu-west-1",
              "eu-west-2",
              "eu-west-3",
              "il-central-1",
              "me-central-1",
              "me-south-1",
              "sa-east-1",
              "us-east-1",
              "us-east-2",
              "us-west-1",
              "us-west-2"
            ]
          },
          "sensitive_attributes": []
        }
      ]
    },
    {
      "module": "module.dynamic_subnets.module.utils",
      "mode": "data",
      "type": "aws_regions",
      "name": "default",
      "provider": "provider[\"registry.terraform.io/hashicorp/aws\"]",
      "instances": [
        {
          "schema_version": 0,
          "attributes": {
            "all_regions": true,
            "filter": [
              {
                "name": "opt-in-status",
                "values": [
                  "opt-in-not-required"
                ]
              }
            ],
            "id": "aws",
            "names": [
              "ap-northeast-1",
              "ap-northeast-2",
              "ap-northeast-3",
              "ap-south-1",
              "ap-southeast-1",
              "ap-southeast-2",
              "ca-central-1",
              "eu-central-1",
              "eu-north-1",
              "eu-west-1",
              "eu-west-2",
              "eu-west-3",
              "sa-east-1",
              "us-east-1",
              "us-east-2",
              "us-west-1",
              "us-west-2"
            ]
          },
          "sensitive_attributes": []
        }
      ]
    },
    {
      "module": "module.dynamic_subnets.module.utils",
      "mode": "data",
      "type": "aws_regions",
      "name": "not_opted_in",
      "provider": "provider[\"registry.terraform.io/hashicorp/aws\"]",
      "instances": [
        {
          "schema_version": 0,
          "attributes": {
            "all_regions": true,
            "filter": [
              {
                "name": "opt-in-status",
                "values": [
                  "not-opted-in"
                ]
              }
            ],
            "id": "aws",
            "names": [
              "af-south-1",
              "ap-east-1",
              "ap-south-2",
              "ap-southeast-3",
              "ap-southeast-4",
              "ca-west-1",
              "eu-central-2",
              "eu-south-1",
              "eu-south-2",
              "il-central-1",
              "me-central-1",
              "me-south-1"
            ]
          },
          "sensitive_attributes": []
        }
      ]
    },
    {
      "module": "module.dynamic_subnets.module.utils",
      "mode": "data",
      "type": "aws_regions",
      "name": "opted_in",
      "provider": "provider[\"registry.terraform.io/hashicorp/aws\"]",
      "instances": [
        {
          "schema_version": 0,
          "attributes": {
            "all_regions": true,
            "filter": [
              {
                "name": "opt-in-status",
                "values": [
                  "opted-in"
                ]
              }
            ],
            "id": "aws",
            "names": []
          },
          "sensitive_attributes": []
        }
      ]
    },
    {
      "module": "module.ecr",
      "mode": "managed",
      "type": "aws_ecr_repository",
      "name": "this",
      "provider": "provider[\"registry.terraform.io/hashicorp/aws\"]",
      "instances": [
        {
          "schema_version": 0,
          "attributes": {
            "arn": "arn:aws:ecr:us-east-1:791718719052:repository/viajemos-dev-ecr-repo",
            "encryption_configuration": [
              {
                "encryption_type": "AES256",
                "kms_key": ""
              }
            ],
            "force_delete": null,
            "id": "viajemos-dev-ecr-repo",
            "image_scanning_configuration": [
              {
                "scan_on_push": true
              }
            ],
            "image_tag_mutability": "IMMUTABLE",
            "name": "viajemos-dev-ecr-repo",
            "registry_id": "791718719052",
            "repository_url": "791718719052.dkr.ecr.us-east-1.amazonaws.com/viajemos-dev-ecr-repo",
            "tags": {},
            "tags_all": {},
            "timeouts": null
          },
          "sensitive_attributes": [],
          "private": "eyJlMmJmYjczMC1lY2FhLTExZTYtOGY4OC0zNDM2M2JjN2M0YzAiOnsiZGVsZXRlIjoxMjAwMDAwMDAwMDAwfX0="
        }
      ]
    },
    {
      "module": "module.eks_fargate",
      "mode": "managed",
      "type": "aws_eks_addon",
      "name": "coredns",
      "provider": "provider[\"registry.terraform.io/hashicorp/aws\"]",
      "instances": [
        {
          "schema_version": 0,
          "attributes": {
            "addon_name": "coredns",
            "addon_version": "v1.11.1-eksbuild.9",
            "arn": "arn:aws:eks:us-east-1:791718719052:addon/viajemos-eks-cluster/coredns/b6c84a53-e816-f9b0-5ba9-41a5c1850902",
            "cluster_name": "viajemos-eks-cluster",
            "configuration_values": "",
            "created_at": "2024-07-08T23:22:24Z",
            "id": "viajemos-eks-cluster:coredns",
            "modified_at": "2024-07-08T23:23:38Z",
            "preserve": null,
            "resolve_conflicts": null,
            "resolve_conflicts_on_create": "NONE",
            "resolve_conflicts_on_update": "PRESERVE",
            "service_account_role_arn": "",
            "tags": {},
            "tags_all": {},
            "timeouts": null
          },
          "sensitive_attributes": [],
          "private": "eyJlMmJmYjczMC1lY2FhLTExZTYtOGY4OC0zNDM2M2JjN2M0YzAiOnsiY3JlYXRlIjoxMjAwMDAwMDAwMDAwLCJkZWxldGUiOjI0MDAwMDAwMDAwMDAsInVwZGF0ZSI6MTIwMDAwMDAwMDAwMH19",
          "dependencies": [
            "data.aws_availability_zones.available",
            "module.dynamic_subnets.aws_subnet.private",
            "module.dynamic_subnets.aws_subnet.public",
            "module.dynamic_subnets.data.aws_availability_zones.default",
            "module.dynamic_subnets.data.aws_vpc.default",
            "module.eks_fargate.aws_eks_cluster.this",
            "module.eks_fargate.module.iam.aws_iam_role.eks_cluster_role",
            "module.eks_fargate.module.iam.aws_iam_role.eks_node_group_role",
            "module.eks_fargate.module.iam.aws_iam_role.fargate_pod_execution_role",
            "module.eks_fargate.module.iam.aws_iam_role_policy_attachment.cluster_AmazonEKSClusterPolicy",
            "module.eks_fargate.module.iam.aws_iam_role_policy_attachment.cluster_AmazonEKSVPCResourceController",
            "module.eks_fargate.module.iam.aws_iam_role_policy_attachment.fargate_AmazonEKSFargatePodExecutionRolePolicy",
            "module.eks_fargate.module.iam.aws_iam_role_policy_attachment.node_group_AmazonEC2ContainerRegistryReadOnly",
            "module.eks_fargate.module.iam.aws_iam_role_policy_attachment.node_group_AmazonEKSWorkerNodePolicy",
            "module.eks_fargate.module.iam.aws_iam_role_policy_attachment.node_group_AmazonEKS_CNI_Policy",
            "module.eks_fargate.module.iam.data.aws_iam_policy_document.cluster_assume_role_policy",
            "module.eks_fargate.module.iam.data.aws_iam_policy_document.fargate_assume_role_policy",
            "module.eks_fargate.module.iam.data.aws_iam_policy_document.node_group_assume_role_policy",
            "module.eks_fargate.module.oidc.aws_iam_openid_connect_provider.eks_oidc",
            "module.vpc.aws_vpc.default"
          ]
        }
      ]
    },
    {
      "module": "module.eks_fargate",
      "mode": "managed",
      "type": "aws_eks_addon",
      "name": "kube_proxy",
      "provider": "provider[\"registry.terraform.io/hashicorp/aws\"]",
      "instances": [
        {
          "schema_version": 0,
          "attributes": {
            "addon_name": "kube-proxy",
            "addon_version": "v1.30.0-eksbuild.3",
            "arn": "arn:aws:eks:us-east-1:791718719052:addon/viajemos-eks-cluster/kube-proxy/2ec84a36-d1d2-5745-9b70-7c451a7dd993",
            "cluster_name": "viajemos-eks-cluster",
            "configuration_values": "",
            "created_at": "2024-07-08T22:18:51Z",
            "id": "viajemos-eks-cluster:kube-proxy",
            "modified_at": "2024-07-08T22:18:58Z",
            "preserve": null,
            "resolve_conflicts": null,
            "resolve_conflicts_on_create": "OVERWRITE",
            "resolve_conflicts_on_update": "PRESERVE",
            "service_account_role_arn": "",
            "tags": {},
            "tags_all": {},
            "timeouts": null
          },
          "sensitive_attributes": [],
          "private": "eyJlMmJmYjczMC1lY2FhLTExZTYtOGY4OC0zNDM2M2JjN2M0YzAiOnsiY3JlYXRlIjoxMjAwMDAwMDAwMDAwLCJkZWxldGUiOjI0MDAwMDAwMDAwMDAsInVwZGF0ZSI6MTIwMDAwMDAwMDAwMH19",
          "dependencies": [
            "data.aws_availability_zones.available",
            "module.dynamic_subnets.aws_subnet.private",
            "module.dynamic_subnets.aws_subnet.public",
            "module.dynamic_subnets.data.aws_availability_zones.default",
            "module.dynamic_subnets.data.aws_vpc.default",
            "module.eks_fargate.aws_eks_cluster.this",
            "module.eks_fargate.module.iam.aws_iam_role.eks_cluster_role",
            "module.eks_fargate.module.iam.aws_iam_role.eks_node_group_role",
            "module.eks_fargate.module.iam.aws_iam_role.fargate_pod_execution_role",
            "module.eks_fargate.module.iam.aws_iam_role_policy_attachment.cluster_AmazonEKSClusterPolicy",
            "module.eks_fargate.module.iam.aws_iam_role_policy_attachment.cluster_AmazonEKSVPCResourceController",
            "module.eks_fargate.module.iam.aws_iam_role_policy_attachment.fargate_AmazonEKSFargatePodExecutionRolePolicy",
            "module.eks_fargate.module.iam.aws_iam_role_policy_attachment.node_group_AmazonEC2ContainerRegistryReadOnly",
            "module.eks_fargate.module.iam.aws_iam_role_policy_attachment.node_group_AmazonEKSWorkerNodePolicy",
            "module.eks_fargate.module.iam.aws_iam_role_policy_attachment.node_group_AmazonEKS_CNI_Policy",
            "module.eks_fargate.module.iam.data.aws_iam_policy_document.cluster_assume_role_policy",
            "module.eks_fargate.module.iam.data.aws_iam_policy_document.fargate_assume_role_policy",
            "module.eks_fargate.module.iam.data.aws_iam_policy_document.node_group_assume_role_policy",
            "module.eks_fargate.module.oidc.aws_iam_openid_connect_provider.eks_oidc",
            "module.vpc.aws_vpc.default"
          ]
        }
      ]
    },
    {
      "module": "module.eks_fargate",
      "mode": "managed",
      "type": "aws_eks_addon",
      "name": "vpc_cni",
      "provider": "provider[\"registry.terraform.io/hashicorp/aws\"]",
      "instances": [
        {
          "schema_version": 0,
          "attributes": {
            "addon_name": "vpc-cni",
            "addon_version": "v1.18.2-eksbuild.1",
            "arn": "arn:aws:eks:us-east-1:791718719052:addon/viajemos-eks-cluster/vpc-cni/52c84a36-d1c4-8dfa-4089-ab928913286d",
            "cluster_name": "viajemos-eks-cluster",
            "configuration_values": "",
            "created_at": "2024-07-08T22:18:51Z",
            "id": "viajemos-eks-cluster:vpc-cni",
            "modified_at": "2024-07-08T23:22:23Z",
            "preserve": null,
            "resolve_conflicts": null,
            "resolve_conflicts_on_create": "OVERWRITE",
            "resolve_conflicts_on_update": null,
            "service_account_role_arn": "",
            "tags": {},
            "tags_all": {},
            "timeouts": null
          },
          "sensitive_attributes": [],
          "private": "eyJlMmJmYjczMC1lY2FhLTExZTYtOGY4OC0zNDM2M2JjN2M0YzAiOnsiY3JlYXRlIjoxMjAwMDAwMDAwMDAwLCJkZWxldGUiOjI0MDAwMDAwMDAwMDAsInVwZGF0ZSI6MTIwMDAwMDAwMDAwMH19",
          "dependencies": [
            "data.aws_availability_zones.available",
            "module.dynamic_subnets.aws_subnet.private",
            "module.dynamic_subnets.aws_subnet.public",
            "module.dynamic_subnets.data.aws_availability_zones.default",
            "module.dynamic_subnets.data.aws_vpc.default",
            "module.eks_fargate.aws_eks_cluster.this",
            "module.eks_fargate.module.iam.aws_iam_role.eks_cluster_role",
            "module.eks_fargate.module.iam.aws_iam_role.eks_node_group_role",
            "module.eks_fargate.module.iam.aws_iam_role.fargate_pod_execution_role",
            "module.eks_fargate.module.iam.aws_iam_role_policy_attachment.cluster_AmazonEKSClusterPolicy",
            "module.eks_fargate.module.iam.aws_iam_role_policy_attachment.cluster_AmazonEKSVPCResourceController",
            "module.eks_fargate.module.iam.aws_iam_role_policy_attachment.fargate_AmazonEKSFargatePodExecutionRolePolicy",
            "module.eks_fargate.module.iam.aws_iam_role_policy_attachment.node_group_AmazonEC2ContainerRegistryReadOnly",
            "module.eks_fargate.module.iam.aws_iam_role_policy_attachment.node_group_AmazonEKSWorkerNodePolicy",
            "module.eks_fargate.module.iam.aws_iam_role_policy_attachment.node_group_AmazonEKS_CNI_Policy",
            "module.eks_fargate.module.iam.data.aws_iam_policy_document.cluster_assume_role_policy",
            "module.eks_fargate.module.iam.data.aws_iam_policy_document.fargate_assume_role_policy",
            "module.eks_fargate.module.iam.data.aws_iam_policy_document.node_group_assume_role_policy",
            "module.eks_fargate.module.oidc.aws_iam_openid_connect_provider.eks_oidc",
            "module.vpc.aws_vpc.default"
          ]
        }
      ]
    },
    {
      "module": "module.eks_fargate",
      "mode": "managed",
      "type": "aws_eks_cluster",
      "name": "this",
      "provider": "provider[\"registry.terraform.io/hashicorp/aws\"]",
      "instances": [
        {
          "schema_version": 0,
          "attributes": {
            "access_config": [
              {
                "authentication_mode": "CONFIG_MAP",
                "bootstrap_cluster_creator_admin_permissions": false
              }
            ],
            "arn": "arn:aws:eks:us-east-1:791718719052:cluster/viajemos-eks-cluster",
            "certificate_authority": [
              {
                "data": "LS0tLS1CRUdJTiBDRVJUSUZJQ0FURS0tLS0tCk1JSURCVENDQWUyZ0F3SUJBZ0lJTWU5VUpOQy9xQ2N3RFFZSktvWklodmNOQVFFTEJRQXdGVEVUTUJFR0ExVUUKQXhNS2EzVmlaWEp1WlhSbGN6QWVGdzB5TkRBM01EZ3lNakE0TXpKYUZ3MHpOREEzTURZeU1qRXpNekphTUJVeApFekFSQmdOVkJBTVRDbXQxWW1WeWJtVjBaWE13Z2dFaU1BMEdDU3FHU0liM0RRRUJBUVVBQTRJQkR3QXdnZ0VLCkFvSUJBUUR1WUNrUjdHR0VxdzhMeXNlQjZFZlVabWszeFpFVFI5U21LRXl1S2ZvY0V3TEd5K0w5My9RTFdxZ1AKVCtIOWNZWU90ZWM5TWV0YzlZdjg1cm9rU0picElDUE5iL0JGa25IYXNLalh4bXpzMlV4ejVVdU5QUHFMTDA1VgpBcWcwN2ovVTNwWkNhSkVWZEN6bUordTU0QTkzYXllQ0ptaTBmSTJaVGxKYmV3K2xmVHlER3VmWDMyYmJMNDM3CnVhNyt0UzdKUUd5dU1rbkJjOU1JejYxanduVHFWMU0yQjk4dkxBVG5qeWkrR2U2eDRtNWpmWEo3UnhYZ1Frc1QKNUFHZFUxRVdHWHRrL25sNWVaVGNWSTZwK0RXOVhSd1VnR3ArdlhYN1VKdjltM003ZE1wK29jMWhHOGNmNzg4MAptY2RtcElDRmd6SnRkc2s3L00yMitoS2Qwa1kzQWdNQkFBR2pXVEJYTUE0R0ExVWREd0VCL3dRRUF3SUNwREFQCkJnTlZIUk1CQWY4RUJUQURBUUgvTUIwR0ExVWREZ1FXQkJRQjZtQ1gzYkc4TGMvaUpBME1CSWNmMUlCV3J6QVYKQmdOVkhSRUVEakFNZ2dwcmRXSmxjbTVsZEdWek1BMEdDU3FHU0liM0RRRUJDd1VBQTRJQkFRQ3dRcHJjQzlUTgpqS2t4b25zSnFFeFkwM1Z6aUJKa3k1MDNZOEwwMkRWZGtqSXdDMjcxTjFoRUN2MG9BTlExS2o4dXNvbkdOTnJECkRFZWVWUldtWDdlc2lBOU1vTmxub1htTFJxajlVVHI2MTJ4RmRtc3R3eWRpV1NycGxQWjlxU21QU2hNbHBUa3MKaFFDQjNnczBiRC8vYlR3aThPa0dLYnZ0R1BBaElWTWVsQnlLSlFUa3RBOHJ3c0JkTitJWUhjV1IrTXJHclhUdwpkNjZOemNFRXFZSUJWY3ROeVRGTHFwNGdPbjdLM3R0NlYzM01VbjNKdFJMTVQyQVNKenNXVFJtS0tQNEt1aFo2CmcrYzhBZ1owZ3BKdnlnL015MUdiSjN2dlFIMDQ0SnZqSDVlQUc3cVh4dHcwbTRaM1M1VmplZFVyNTZubHlsYnQKcW04cHptOFc2RVFaCi0tLS0tRU5EIENFUlRJRklDQVRFLS0tLS0K"
              }
            ],
            "cluster_id": null,
            "created_at": "2024-07-08 22:08:11.17 +0000 UTC",
            "enabled_cluster_log_types": [],
            "encryption_config": [],
            "endpoint": "https://93393CE01618B9AB7AF8BA6CD329DF14.gr7.us-east-1.eks.amazonaws.com",
            "id": "viajemos-eks-cluster",
            "identity": [
              {
                "oidc": [
                  {
                    "issuer": "https://oidc.eks.us-east-1.amazonaws.com/id/93393CE01618B9AB7AF8BA6CD329DF14"
                  }
                ]
              }
            ],
            "kubernetes_network_config": [
              {
                "ip_family": "ipv4",
                "service_ipv4_cidr": "172.20.0.0/16",
                "service_ipv6_cidr": ""
              }
            ],
            "name": "viajemos-eks-cluster",
            "outpost_config": [],
            "platform_version": "eks.4",
            "role_arn": "arn:aws:iam::791718719052:role/viajemos-eks-cluster-eks-cluster-role",
            "status": "ACTIVE",
            "tags": {
              "alpha.eksctl.io/cluster-oidc-enabled": "true"
            },
            "tags_all": {
              "alpha.eksctl.io/cluster-oidc-enabled": "true"
            },
            "timeouts": null,
            "version": "1.30",
            "vpc_config": [
              {
                "cluster_security_group_id": "sg-0ac9dde8eedae2549",
                "endpoint_private_access": true,
                "endpoint_public_access": true,
                "public_access_cidrs": [
                  "0.0.0.0/0"
                ],
                "security_group_ids": [],
                "subnet_ids": [
                  "subnet-01238c8a09a369e54",
                  "subnet-04732dd0e257a67c7",
                  "subnet-0628c4c6584da7bc1",
                  "subnet-0694a9b948ae68a17",
                  "subnet-0a363a0dcc0e759b4",
                  "subnet-0edc0533c216eae65"
                ],
                "vpc_id": "vpc-07f0a9c6d98931490"
              }
            ]
          },
          "sensitive_attributes": [],
          "private": "eyJlMmJmYjczMC1lY2FhLTExZTYtOGY4OC0zNDM2M2JjN2M0YzAiOnsiY3JlYXRlIjoxODAwMDAwMDAwMDAwLCJkZWxldGUiOjkwMDAwMDAwMDAwMCwidXBkYXRlIjozNjAwMDAwMDAwMDAwfX0=",
          "dependencies": [
            "data.aws_availability_zones.available",
            "module.dynamic_subnets.aws_subnet.private",
            "module.dynamic_subnets.aws_subnet.public",
            "module.dynamic_subnets.data.aws_availability_zones.default",
            "module.dynamic_subnets.data.aws_vpc.default",
            "module.eks_fargate.module.iam.aws_iam_role.eks_cluster_role",
            "module.eks_fargate.module.iam.aws_iam_role.eks_node_group_role",
            "module.eks_fargate.module.iam.aws_iam_role.fargate_pod_execution_role",
            "module.eks_fargate.module.iam.aws_iam_role_policy_attachment.cluster_AmazonEKSClusterPolicy",
            "module.eks_fargate.module.iam.aws_iam_role_policy_attachment.cluster_AmazonEKSVPCResourceController",
            "module.eks_fargate.module.iam.aws_iam_role_policy_attachment.fargate_AmazonEKSFargatePodExecutionRolePolicy",
            "module.eks_fargate.module.iam.aws_iam_role_policy_attachment.node_group_AmazonEC2ContainerRegistryReadOnly",
            "module.eks_fargate.module.iam.aws_iam_role_policy_attachment.node_group_AmazonEKSWorkerNodePolicy",
            "module.eks_fargate.module.iam.aws_iam_role_policy_attachment.node_group_AmazonEKS_CNI_Policy",
            "module.eks_fargate.module.iam.data.aws_iam_policy_document.cluster_assume_role_policy",
            "module.eks_fargate.module.iam.data.aws_iam_policy_document.fargate_assume_role_policy",
            "module.eks_fargate.module.iam.data.aws_iam_policy_document.node_group_assume_role_policy",
            "module.eks_fargate.module.oidc.aws_iam_openid_connect_provider.eks_oidc",
            "module.vpc.aws_vpc.default"
          ]
        }
      ]
    },
    {
      "module": "module.eks_fargate",
      "mode": "managed",
      "type": "aws_eks_node_group",
      "name": "default",
      "provider": "provider[\"registry.terraform.io/hashicorp/aws\"]",
      "instances": [
        {
          "schema_version": 0,
          "attributes": {
            "ami_type": "AL2023_x86_64_STANDARD",
            "arn": "arn:aws:eks:us-east-1:791718719052:nodegroup/viajemos-eks-cluster/default/bac84a55-4dc7-34f9-72d8-c9495ea64857",
            "capacity_type": "ON_DEMAND",
            "cluster_name": "viajemos-eks-cluster",
            "disk_size": 20,
            "force_update_version": null,
            "id": "viajemos-eks-cluster:default",
            "instance_types": [
              "t3.medium"
            ],
            "labels": null,
            "launch_template": [],
            "node_group_name": "default",
            "node_group_name_prefix": "",
            "node_role_arn": "arn:aws:iam::791718719052:role/viajemos-eks-cluster-eks-node-group-role",
            "release_version": "1.30.0-20240625",
            "remote_access": [],
            "resources": [
              {
                "autoscaling_groups": [
                  {
                    "name": "eks-default-bac84a55-4dc7-34f9-72d8-c9495ea64857"
                  }
                ],
                "remote_access_security_group_id": ""
              }
            ],
            "scaling_config": [
              {
                "desired_size": 1,
                "max_size": 3,
                "min_size": 1
              }
            ],
            "status": "ACTIVE",
            "subnet_ids": [
              "subnet-01238c8a09a369e54",
              "subnet-04732dd0e257a67c7",
              "subnet-0694a9b948ae68a17"
            ],
            "tags": null,
            "tags_all": {},
            "taint": [],
            "timeouts": null,
            "update_config": [
              {
                "max_unavailable": 1,
                "max_unavailable_percentage": 0
              }
            ],
            "version": "1.30"
          },
          "sensitive_attributes": [],
          "private": "eyJlMmJmYjczMC1lY2FhLTExZTYtOGY4OC0zNDM2M2JjN2M0YzAiOnsiY3JlYXRlIjozNjAwMDAwMDAwMDAwLCJkZWxldGUiOjM2MDAwMDAwMDAwMDAsInVwZGF0ZSI6MzYwMDAwMDAwMDAwMH19",
          "dependencies": [
            "data.aws_availability_zones.available",
            "module.dynamic_subnets.aws_subnet.private",
            "module.dynamic_subnets.aws_subnet.public",
            "module.dynamic_subnets.data.aws_availability_zones.default",
            "module.dynamic_subnets.data.aws_vpc.default",
            "module.eks_fargate.aws_eks_cluster.this",
            "module.eks_fargate.module.iam.aws_iam_role.eks_cluster_role",
            "module.eks_fargate.module.iam.aws_iam_role.eks_node_group_role",
            "module.eks_fargate.module.iam.aws_iam_role.fargate_pod_execution_role",
            "module.eks_fargate.module.iam.aws_iam_role_policy_attachment.cluster_AmazonEKSClusterPolicy",
            "module.eks_fargate.module.iam.aws_iam_role_policy_attachment.cluster_AmazonEKSVPCResourceController",
            "module.eks_fargate.module.iam.aws_iam_role_policy_attachment.fargate_AmazonEKSFargatePodExecutionRolePolicy",
            "module.eks_fargate.module.iam.aws_iam_role_policy_attachment.node_group_AmazonEC2ContainerRegistryReadOnly",
            "module.eks_fargate.module.iam.aws_iam_role_policy_attachment.node_group_AmazonEKSWorkerNodePolicy",
            "module.eks_fargate.module.iam.aws_iam_role_policy_attachment.node_group_AmazonEKS_CNI_Policy",
            "module.eks_fargate.module.iam.data.aws_iam_policy_document.cluster_assume_role_policy",
            "module.eks_fargate.module.iam.data.aws_iam_policy_document.fargate_assume_role_policy",
            "module.eks_fargate.module.iam.data.aws_iam_policy_document.node_group_assume_role_policy",
            "module.eks_fargate.module.oidc.aws_iam_openid_connect_provider.eks_oidc",
            "module.vpc.aws_vpc.default"
          ]
        }
      ]
    },
    {
      "module": "module.eks_fargate.module.fargate",
      "mode": "managed",
      "type": "aws_eks_fargate_profile",
      "name": "this",
      "provider": "provider[\"registry.terraform.io/hashicorp/aws\"]",
      "instances": [
        {
          "schema_version": 0,
          "attributes": {
            "arn": "arn:aws:eks:us-east-1:791718719052:fargateprofile/viajemos-eks-cluster/viajemos-fargate-profile/d0c84a36-d1d6-664a-f1d5-36c217a1f811",
            "cluster_name": "viajemos-eks-cluster",
            "fargate_profile_name": "viajemos-fargate-profile",
            "id": "viajemos-eks-cluster:viajemos-fargate-profile",
            "pod_execution_role_arn": "arn:aws:iam::791718719052:role/viajemos-eks-cluster-fargate-pod-execution-role",
            "selector": [
              {
                "labels": {},
                "namespace": "*"
              }
            ],
            "status": "ACTIVE",
            "subnet_ids": [
              "subnet-01238c8a09a369e54",
              "subnet-04732dd0e257a67c7",
              "subnet-0694a9b948ae68a17"
            ],
            "tags": {},
            "tags_all": {},
            "timeouts": null
          },
          "sensitive_attributes": [],
          "private": "eyJlMmJmYjczMC1lY2FhLTExZTYtOGY4OC0zNDM2M2JjN2M0YzAiOnsiY3JlYXRlIjo2MDAwMDAwMDAwMDAsImRlbGV0ZSI6NjAwMDAwMDAwMDAwfX0=",
          "dependencies": [
            "data.aws_availability_zones.available",
            "module.dynamic_subnets.aws_subnet.private",
            "module.dynamic_subnets.aws_subnet.public",
            "module.dynamic_subnets.data.aws_availability_zones.default",
            "module.dynamic_subnets.data.aws_vpc.default",
            "module.eks_fargate.aws_eks_cluster.this",
            "module.eks_fargate.module.iam.aws_iam_role.eks_cluster_role",
            "module.eks_fargate.module.iam.aws_iam_role.eks_node_group_role",
            "module.eks_fargate.module.iam.aws_iam_role.fargate_pod_execution_role",
            "module.eks_fargate.module.iam.aws_iam_role_policy_attachment.cluster_AmazonEKSClusterPolicy",
            "module.eks_fargate.module.iam.aws_iam_role_policy_attachment.cluster_AmazonEKSVPCResourceController",
            "module.eks_fargate.module.iam.aws_iam_role_policy_attachment.fargate_AmazonEKSFargatePodExecutionRolePolicy",
            "module.eks_fargate.module.iam.aws_iam_role_policy_attachment.node_group_AmazonEC2ContainerRegistryReadOnly",
            "module.eks_fargate.module.iam.aws_iam_role_policy_attachment.node_group_AmazonEKSWorkerNodePolicy",
            "module.eks_fargate.module.iam.aws_iam_role_policy_attachment.node_group_AmazonEKS_CNI_Policy",
            "module.eks_fargate.module.iam.data.aws_iam_policy_document.cluster_assume_role_policy",
            "module.eks_fargate.module.iam.data.aws_iam_policy_document.fargate_assume_role_policy",
            "module.eks_fargate.module.iam.data.aws_iam_policy_document.node_group_assume_role_policy",
            "module.eks_fargate.module.oidc.aws_iam_openid_connect_provider.eks_oidc",
            "module.vpc.aws_vpc.default"
          ]
        }
      ]
    },
    {
      "module": "module.eks_fargate.module.iam",
      "mode": "data",
      "type": "aws_iam_policy_document",
      "name": "cluster_assume_role_policy",
      "provider": "provider[\"registry.terraform.io/hashicorp/aws\"]",
      "instances": [
        {
          "schema_version": 0,
          "attributes": {
            "id": "3552664922",
            "json": "{\n  \"Version\": \"2012-10-17\",\n  \"Statement\": [\n    {\n      \"Effect\": \"Allow\",\n      \"Action\": \"sts:AssumeRole\",\n      \"Principal\": {\n        \"Service\": \"eks.amazonaws.com\"\n      }\n    }\n  ]\n}",
            "minified_json": "{\"Version\":\"2012-10-17\",\"Statement\":[{\"Effect\":\"Allow\",\"Action\":\"sts:AssumeRole\",\"Principal\":{\"Service\":\"eks.amazonaws.com\"}}]}",
            "override_json": null,
            "override_policy_documents": null,
            "policy_id": null,
            "source_json": null,
            "source_policy_documents": null,
            "statement": [
              {
                "actions": [
                  "sts:AssumeRole"
                ],
                "condition": [],
                "effect": "Allow",
                "not_actions": [],
                "not_principals": [],
                "not_resources": [],
                "principals": [
                  {
                    "identifiers": [
                      "eks.amazonaws.com"
                    ],
                    "type": "Service"
                  }
                ],
                "resources": [],
                "sid": ""
              }
            ],
            "version": "2012-10-17"
          },
          "sensitive_attributes": []
        }
      ]
    },
    {
      "module": "module.eks_fargate.module.iam",
      "mode": "data",
      "type": "aws_iam_policy_document",
      "name": "fargate_assume_role_policy",
      "provider": "provider[\"registry.terraform.io/hashicorp/aws\"]",
      "instances": [
        {
          "schema_version": 0,
          "attributes": {
            "id": "3016102342",
            "json": "{\n  \"Version\": \"2012-10-17\",\n  \"Statement\": [\n    {\n      \"Effect\": \"Allow\",\n      \"Action\": \"sts:AssumeRole\",\n      \"Principal\": {\n        \"Service\": \"eks-fargate-pods.amazonaws.com\"\n      }\n    }\n  ]\n}",
            "minified_json": "{\"Version\":\"2012-10-17\",\"Statement\":[{\"Effect\":\"Allow\",\"Action\":\"sts:AssumeRole\",\"Principal\":{\"Service\":\"eks-fargate-pods.amazonaws.com\"}}]}",
            "override_json": null,
            "override_policy_documents": null,
            "policy_id": null,
            "source_json": null,
            "source_policy_documents": null,
            "statement": [
              {
                "actions": [
                  "sts:AssumeRole"
                ],
                "condition": [],
                "effect": "Allow",
                "not_actions": [],
                "not_principals": [],
                "not_resources": [],
                "principals": [
                  {
                    "identifiers": [
                      "eks-fargate-pods.amazonaws.com"
                    ],
                    "type": "Service"
                  }
                ],
                "resources": [],
                "sid": ""
              }
            ],
            "version": "2012-10-17"
          },
          "sensitive_attributes": []
        }
      ]
    },
    {
      "module": "module.eks_fargate.module.iam",
      "mode": "data",
      "type": "aws_iam_policy_document",
      "name": "node_group_assume_role_policy",
      "provider": "provider[\"registry.terraform.io/hashicorp/aws\"]",
      "instances": [
        {
          "schema_version": 0,
          "attributes": {
            "id": "2851119427",
            "json": "{\n  \"Version\": \"2012-10-17\",\n  \"Statement\": [\n    {\n      \"Effect\": \"Allow\",\n      \"Action\": \"sts:AssumeRole\",\n      \"Principal\": {\n        \"Service\": \"ec2.amazonaws.com\"\n      }\n    }\n  ]\n}",
            "minified_json": "{\"Version\":\"2012-10-17\",\"Statement\":[{\"Effect\":\"Allow\",\"Action\":\"sts:AssumeRole\",\"Principal\":{\"Service\":\"ec2.amazonaws.com\"}}]}",
            "override_json": null,
            "override_policy_documents": null,
            "policy_id": null,
            "source_json": null,
            "source_policy_documents": null,
            "statement": [
              {
                "actions": [
                  "sts:AssumeRole"
                ],
                "condition": [],
                "effect": "Allow",
                "not_actions": [],
                "not_principals": [],
                "not_resources": [],
                "principals": [
                  {
                    "identifiers": [
                      "ec2.amazonaws.com"
                    ],
                    "type": "Service"
                  }
                ],
                "resources": [],
                "sid": ""
              }
            ],
            "version": "2012-10-17"
          },
          "sensitive_attributes": []
        }
      ]
    },
    {
      "module": "module.eks_fargate.module.iam",
      "mode": "managed",
      "type": "aws_iam_role",
      "name": "eks_cluster_role",
      "provider": "provider[\"registry.terraform.io/hashicorp/aws\"]",
      "instances": [
        {
          "schema_version": 0,
          "attributes": {
            "arn": "arn:aws:iam::791718719052:role/viajemos-eks-cluster-eks-cluster-role",
            "assume_role_policy": "{\"Statement\":[{\"Action\":\"sts:AssumeRole\",\"Effect\":\"Allow\",\"Principal\":{\"Service\":\"eks.amazonaws.com\"}}],\"Version\":\"2012-10-17\"}",
            "create_date": "2024-07-08T22:07:43Z",
            "description": "",
            "force_detach_policies": false,
            "id": "viajemos-eks-cluster-eks-cluster-role",
            "inline_policy": [],
            "managed_policy_arns": [
              "arn:aws:iam::aws:policy/AmazonEKSClusterPolicy",
              "arn:aws:iam::aws:policy/AmazonEKSVPCResourceController"
            ],
            "max_session_duration": 3600,
            "name": "viajemos-eks-cluster-eks-cluster-role",
            "name_prefix": "",
            "path": "/",
            "permissions_boundary": "",
            "tags": {},
            "tags_all": {},
            "unique_id": "AROA3QVQ45ZGPOG7HO5AQ"
          },
          "sensitive_attributes": [],
          "private": "bnVsbA==",
          "dependencies": [
            "module.eks_fargate.module.iam.data.aws_iam_policy_document.cluster_assume_role_policy"
          ]
        }
      ]
    },
    {
      "module": "module.eks_fargate.module.iam",
      "mode": "managed",
      "type": "aws_iam_role",
      "name": "eks_node_group_role",
      "provider": "provider[\"registry.terraform.io/hashicorp/aws\"]",
      "instances": [
        {
          "schema_version": 0,
          "attributes": {
            "arn": "arn:aws:iam::791718719052:role/viajemos-eks-cluster-eks-node-group-role",
            "assume_role_policy": "{\"Statement\":[{\"Action\":\"sts:AssumeRole\",\"Effect\":\"Allow\",\"Principal\":{\"Service\":\"ec2.amazonaws.com\"}}],\"Version\":\"2012-10-17\"}",
            "create_date": "2024-07-08T22:07:43Z",
            "description": "",
            "force_detach_policies": false,
            "id": "viajemos-eks-cluster-eks-node-group-role",
            "inline_policy": [],
            "managed_policy_arns": [
              "arn:aws:iam::aws:policy/AmazonEC2ContainerRegistryReadOnly",
              "arn:aws:iam::aws:policy/AmazonEKSWorkerNodePolicy",
              "arn:aws:iam::aws:policy/AmazonEKS_CNI_Policy"
            ],
            "max_session_duration": 3600,
            "name": "viajemos-eks-cluster-eks-node-group-role",
            "name_prefix": "",
            "path": "/",
            "permissions_boundary": "",
            "tags": {},
            "tags_all": {},
            "unique_id": "AROA3QVQ45ZGIHMB6WQ25"
          },
          "sensitive_attributes": [],
          "private": "bnVsbA==",
          "dependencies": [
            "module.eks_fargate.module.iam.data.aws_iam_policy_document.node_group_assume_role_policy"
          ]
        }
      ]
    },
    {
      "module": "module.eks_fargate.module.iam",
      "mode": "managed",
      "type": "aws_iam_role",
      "name": "fargate_pod_execution_role",
      "provider": "provider[\"registry.terraform.io/hashicorp/aws\"]",
      "instances": [
        {
          "schema_version": 0,
          "attributes": {
            "arn": "arn:aws:iam::791718719052:role/viajemos-eks-cluster-fargate-pod-execution-role",
            "assume_role_policy": "{\"Statement\":[{\"Action\":\"sts:AssumeRole\",\"Effect\":\"Allow\",\"Principal\":{\"Service\":\"eks-fargate-pods.amazonaws.com\"}}],\"Version\":\"2012-10-17\"}",
            "create_date": "2024-07-08T22:07:43Z",
            "description": "",
            "force_detach_policies": false,
            "id": "viajemos-eks-cluster-fargate-pod-execution-role",
            "inline_policy": [],
            "managed_policy_arns": [
              "arn:aws:iam::aws:policy/AmazonEKSFargatePodExecutionRolePolicy"
            ],
            "max_session_duration": 3600,
            "name": "viajemos-eks-cluster-fargate-pod-execution-role",
            "name_prefix": "",
            "path": "/",
            "permissions_boundary": "",
            "tags": {},
            "tags_all": {},
            "unique_id": "AROA3QVQ45ZGAQNIBTQKS"
          },
          "sensitive_attributes": [],
          "private": "bnVsbA==",
          "dependencies": [
            "module.eks_fargate.module.iam.data.aws_iam_policy_document.fargate_assume_role_policy"
          ]
        }
      ]
    },
    {
      "module": "module.eks_fargate.module.iam",
      "mode": "managed",
      "type": "aws_iam_role_policy_attachment",
      "name": "cluster_AmazonEKSClusterPolicy",
      "provider": "provider[\"registry.terraform.io/hashicorp/aws\"]",
      "instances": [
        {
          "schema_version": 0,
          "attributes": {
            "id": "viajemos-eks-cluster-eks-cluster-role-20240708220743846700000003",
            "policy_arn": "arn:aws:iam::aws:policy/AmazonEKSClusterPolicy",
            "role": "viajemos-eks-cluster-eks-cluster-role"
          },
          "sensitive_attributes": [],
          "private": "bnVsbA==",
          "dependencies": [
            "module.eks_fargate.module.iam.aws_iam_role.eks_cluster_role",
            "module.eks_fargate.module.iam.data.aws_iam_policy_document.cluster_assume_role_policy"
          ]
        }
      ]
    },
    {
      "module": "module.eks_fargate.module.iam",
      "mode": "managed",
      "type": "aws_iam_role_policy_attachment",
      "name": "cluster_AmazonEKSVPCResourceController",
      "provider": "provider[\"registry.terraform.io/hashicorp/aws\"]",
      "instances": [
        {
          "schema_version": 0,
          "attributes": {
            "id": "viajemos-eks-cluster-eks-cluster-role-20240708220743806000000001",
            "policy_arn": "arn:aws:iam::aws:policy/AmazonEKSVPCResourceController",
            "role": "viajemos-eks-cluster-eks-cluster-role"
          },
          "sensitive_attributes": [],
          "private": "bnVsbA==",
          "dependencies": [
            "module.eks_fargate.module.iam.aws_iam_role.eks_cluster_role",
            "module.eks_fargate.module.iam.data.aws_iam_policy_document.cluster_assume_role_policy"
          ]
        }
      ]
    },
    {
      "module": "module.eks_fargate.module.iam",
      "mode": "managed",
      "type": "aws_iam_role_policy_attachment",
      "name": "fargate_AmazonEKSFargatePodExecutionRolePolicy",
      "provider": "provider[\"registry.terraform.io/hashicorp/aws\"]",
      "instances": [
        {
          "schema_version": 0,
          "attributes": {
            "id": "viajemos-eks-cluster-fargate-pod-execution-role-20240708220743806800000002",
            "policy_arn": "arn:aws:iam::aws:policy/AmazonEKSFargatePodExecutionRolePolicy",
            "role": "viajemos-eks-cluster-fargate-pod-execution-role"
          },
          "sensitive_attributes": [],
          "private": "bnVsbA==",
          "dependencies": [
            "module.eks_fargate.module.iam.aws_iam_role.fargate_pod_execution_role",
            "module.eks_fargate.module.iam.data.aws_iam_policy_document.fargate_assume_role_policy"
          ]
        }
      ]
    },
    {
      "module": "module.eks_fargate.module.iam",
      "mode": "managed",
      "type": "aws_iam_role_policy_attachment",
      "name": "node_group_AmazonEC2ContainerRegistryReadOnly",
      "provider": "provider[\"registry.terraform.io/hashicorp/aws\"]",
      "instances": [
        {
          "schema_version": 0,
          "attributes": {
            "id": "viajemos-eks-cluster-eks-node-group-role-20240708220743963900000005",
            "policy_arn": "arn:aws:iam::aws:policy/AmazonEC2ContainerRegistryReadOnly",
            "role": "viajemos-eks-cluster-eks-node-group-role"
          },
          "sensitive_attributes": [],
          "private": "bnVsbA==",
          "dependencies": [
            "module.eks_fargate.module.iam.aws_iam_role.eks_node_group_role",
            "module.eks_fargate.module.iam.data.aws_iam_policy_document.node_group_assume_role_policy"
          ]
        }
      ]
    },
    {
      "module": "module.eks_fargate.module.iam",
      "mode": "managed",
      "type": "aws_iam_role_policy_attachment",
      "name": "node_group_AmazonEKSWorkerNodePolicy",
      "provider": "provider[\"registry.terraform.io/hashicorp/aws\"]",
      "instances": [
        {
          "schema_version": 0,
          "attributes": {
            "id": "viajemos-eks-cluster-eks-node-group-role-20240708220743914000000004",
            "policy_arn": "arn:aws:iam::aws:policy/AmazonEKSWorkerNodePolicy",
            "role": "viajemos-eks-cluster-eks-node-group-role"
          },
          "sensitive_attributes": [],
          "private": "bnVsbA==",
          "dependencies": [
            "module.eks_fargate.module.iam.aws_iam_role.eks_node_group_role",
            "module.eks_fargate.module.iam.data.aws_iam_policy_document.node_group_assume_role_policy"
          ]
        }
      ]
    },
    {
      "module": "module.eks_fargate.module.iam",
      "mode": "managed",
      "type": "aws_iam_role_policy_attachment",
      "name": "node_group_AmazonEKS_CNI_Policy",
      "provider": "provider[\"registry.terraform.io/hashicorp/aws\"]",
      "instances": [
        {
          "schema_version": 0,
          "attributes": {
            "id": "viajemos-eks-cluster-eks-node-group-role-20240708220743965700000006",
            "policy_arn": "arn:aws:iam::aws:policy/AmazonEKS_CNI_Policy",
            "role": "viajemos-eks-cluster-eks-node-group-role"
          },
          "sensitive_attributes": [],
          "private": "bnVsbA==",
          "dependencies": [
            "module.eks_fargate.module.iam.aws_iam_role.eks_node_group_role",
            "module.eks_fargate.module.iam.data.aws_iam_policy_document.node_group_assume_role_policy"
          ]
        }
      ]
    },
    {
      "module": "module.eks_fargate.module.oidc",
      "mode": "managed",
      "type": "aws_iam_openid_connect_provider",
      "name": "eks_oidc",
      "provider": "provider[\"registry.terraform.io/hashicorp/aws\"]",
      "instances": [
        {
          "schema_version": 0,
          "attributes": {
            "arn": "arn:aws:iam::791718719052:oidc-provider/oidc.eks.us-east-1.amazonaws.com/id/viajemos-eks-cluster",
            "client_id_list": [
              "sts.amazonaws.com"
            ],
            "id": "arn:aws:iam::791718719052:oidc-provider/oidc.eks.us-east-1.amazonaws.com/id/viajemos-eks-cluster",
            "tags": {},
            "tags_all": {},
            "thumbprint_list": [
              "9e99a48a9960e5e4e1d5f2d9ebd9b9c5d1b7c9c3"
            ],
            "url": "oidc.eks.us-east-1.amazonaws.com/id/viajemos-eks-cluster"
          },
          "sensitive_attributes": [],
          "private": "bnVsbA=="
        }
      ]
    },
    {
      "module": "module.vpc",
      "mode": "managed",
      "type": "aws_internet_gateway",
      "name": "default",
      "provider": "provider[\"registry.terraform.io/hashicorp/aws\"]",
      "instances": [
        {
          "index_key": 0,
          "schema_version": 0,
          "attributes": {
            "arn": "arn:aws:ec2:us-east-1:791718719052:internet-gateway/igw-0c0fddde288ae2572",
            "id": "igw-0c0fddde288ae2572",
            "owner_id": "791718719052",
            "tags": {
              "Name": "viajemos-test-vpc",
              "Namespace": "viajemos",
              "Stage": "test"
            },
            "tags_all": {
              "Name": "viajemos-test-vpc",
              "Namespace": "viajemos",
              "Stage": "test"
            },
            "timeouts": null,
            "vpc_id": "vpc-07f0a9c6d98931490"
          },
          "sensitive_attributes": [],
          "private": "eyJlMmJmYjczMC1lY2FhLTExZTYtOGY4OC0zNDM2M2JjN2M0YzAiOnsiY3JlYXRlIjoxMjAwMDAwMDAwMDAwLCJkZWxldGUiOjEyMDAwMDAwMDAwMDAsInVwZGF0ZSI6MTIwMDAwMDAwMDAwMH19",
          "dependencies": [
            "module.vpc.aws_vpc.default"
          ]
        }
      ]
    },
    {
      "module": "module.vpc",
      "mode": "managed",
      "type": "aws_vpc",
      "name": "default",
      "provider": "provider[\"registry.terraform.io/hashicorp/aws\"]",
      "instances": [
        {
          "index_key": 0,
          "schema_version": 1,
          "attributes": {
            "arn": "arn:aws:ec2:us-east-1:791718719052:vpc/vpc-07f0a9c6d98931490",
            "assign_generated_ipv6_cidr_block": false,
            "cidr_block": "10.0.0.0/16",
            "default_network_acl_id": "acl-0e5f067749acb5601",
            "default_route_table_id": "rtb-0f06aabfee3e5f704",
            "default_security_group_id": "sg-010f099c3ff8858d5",
            "dhcp_options_id": "dopt-7f268d05",
            "enable_dns_hostnames": true,
            "enable_dns_support": true,
            "enable_network_address_usage_metrics": false,
            "id": "vpc-07f0a9c6d98931490",
            "instance_tenancy": "default",
            "ipv4_ipam_pool_id": null,
            "ipv4_netmask_length": null,
            "ipv6_association_id": "",
            "ipv6_cidr_block": "",
            "ipv6_cidr_block_network_border_group": "",
            "ipv6_ipam_pool_id": "",
            "ipv6_netmask_length": 0,
            "main_route_table_id": "rtb-0f06aabfee3e5f704",
            "owner_id": "791718719052",
            "tags": {
              "Name": "viajemos-test-vpc",
              "Namespace": "viajemos",
              "Stage": "test"
            },
            "tags_all": {
              "Name": "viajemos-test-vpc",
              "Namespace": "viajemos",
              "Stage": "test"
            }
          },
          "sensitive_attributes": [],
          "private": "eyJzY2hlbWFfdmVyc2lvbiI6IjEifQ=="
        }
      ]
    }
  ],
  "check_results": [
    {
      "object_kind": "var",
      "config_addr": "module.vpc.module.this.var.label_value_case",
      "status": "pass",
      "objects": [
        {
          "object_addr": "module.vpc.module.this.var.label_value_case",
          "status": "pass"
        }
      ]
    },
    {
      "object_kind": "var",
      "config_addr": "module.dynamic_subnets.var.ipv4_cidrs",
      "status": "pass",
      "objects": [
        {
          "object_addr": "module.dynamic_subnets.var.ipv4_cidrs",
          "status": "pass"
        }
      ]
    },
    {
      "object_kind": "var",
      "config_addr": "module.dynamic_subnets.var.ipv6_cidr_block",
      "status": "pass",
      "objects": [
        {
          "object_addr": "module.dynamic_subnets.var.ipv6_cidr_block",
          "status": "pass"
        }
      ]
    },
    {
      "object_kind": "var",
      "config_addr": "module.vpc.var.id_length_limit",
      "status": "pass",
      "objects": [
        {
          "object_addr": "module.vpc.var.id_length_limit",
          "status": "pass"
        }
      ]
    },
    {
      "object_kind": "var",
      "config_addr": "module.dynamic_subnets.module.public_label.var.id_length_limit",
      "status": "pass",
      "objects": [
        {
          "object_addr": "module.dynamic_subnets.module.public_label.var.id_length_limit",
          "status": "pass"
        }
      ]
    },
    {
      "object_kind": "var",
      "config_addr": "module.dynamic_subnets.module.public_label.var.context",
      "status": "pass",
      "objects": [
        {
          "object_addr": "module.dynamic_subnets.module.public_label.var.context",
          "status": "pass"
        }
      ]
    },
    {
      "object_kind": "var",
      "config_addr": "module.dynamic_subnets.module.utils.var.label_value_case",
      "status": "pass",
      "objects": [
        {
          "object_addr": "module.dynamic_subnets.module.utils.var.label_value_case",
          "status": "pass"
        }
      ]
    },
    {
      "object_kind": "var",
      "config_addr": "module.dynamic_subnets.module.utils.var.context",
      "status": "pass",
      "objects": [
        {
          "object_addr": "module.dynamic_subnets.module.utils.var.context",
          "status": "pass"
        }
      ]
    },
    {
      "object_kind": "var",
      "config_addr": "module.dynamic_subnets.var.ipv4_cidr_block",
      "status": "pass",
      "objects": [
        {
          "object_addr": "module.dynamic_subnets.var.ipv4_cidr_block",
          "status": "pass"
        }
      ]
    },
    {
      "object_kind": "var",
      "config_addr": "module.dynamic_subnets.module.private_label.var.id_length_limit",
      "status": "pass",
      "objects": [
        {
          "object_addr": "module.dynamic_subnets.module.private_label.var.id_length_limit",
          "status": "pass"
        }
      ]
    },
    {
      "object_kind": "var",
      "config_addr": "module.dynamic_subnets.module.nat_instance_label.var.id_length_limit",
      "status": "pass",
      "objects": [
        {
          "object_addr": "module.dynamic_subnets.module.nat_instance_label.var.id_length_limit",
          "status": "pass"
        }
      ]
    },
    {
      "object_kind": "var",
      "config_addr": "module.vpc.module.this.var.id_length_limit",
      "status": "pass",
      "objects": [
        {
          "object_addr": "module.vpc.module.this.var.id_length_limit",
          "status": "pass"
        }
      ]
    },
    {
      "object_kind": "var",
      "config_addr": "module.vpc.var.instance_tenancy",
      "status": "pass",
      "objects": [
        {
          "object_addr": "module.vpc.var.instance_tenancy",
          "status": "pass"
        }
      ]
    },
    {
      "object_kind": "var",
      "config_addr": "module.dynamic_subnets.var.context",
      "status": "pass",
      "objects": [
        {
          "object_addr": "module.dynamic_subnets.var.context",
          "status": "pass"
        }
      ]
    },
    {
      "object_kind": "var",
      "config_addr": "module.dynamic_subnets.module.nat_label.var.label_key_case",
      "status": "pass",
      "objects": [
        {
          "object_addr": "module.dynamic_subnets.module.nat_label.var.label_key_case",
          "status": "pass"
        }
      ]
    },
    {
      "object_kind": "var",
      "config_addr": "module.dynamic_subnets.var.nat_instance_ami_id",
      "status": "pass",
      "objects": [
        {
          "object_addr": "module.dynamic_subnets.var.nat_instance_ami_id",
          "status": "pass"
        }
      ]
    },
    {
      "object_kind": "var",
      "config_addr": "module.dynamic_subnets.module.utils.var.id_length_limit",
      "status": "pass",
      "objects": [
        {
          "object_addr": "module.dynamic_subnets.module.utils.var.id_length_limit",
          "status": "pass"
        }
      ]
    },
    {
      "object_kind": "var",
      "config_addr": "module.dynamic_subnets.var.label_value_case",
      "status": "pass",
      "objects": [
        {
          "object_addr": "module.dynamic_subnets.var.label_value_case",
          "status": "pass"
        }
      ]
    },
    {
      "object_kind": "var",
      "config_addr": "module.dynamic_subnets.module.this.var.context",
      "status": "pass",
      "objects": [
        {
          "object_addr": "module.dynamic_subnets.module.this.var.context",
          "status": "pass"
        }
      ]
    },
    {
      "object_kind": "var",
      "config_addr": "module.dynamic_subnets.var.nat_instance_cpu_credits_override",
      "status": "pass",
      "objects": [
        {
          "object_addr": "module.dynamic_subnets.var.nat_instance_cpu_credits_override",
          "status": "pass"
        }
      ]
    },
    {
      "object_kind": "var",
      "config_addr": "module.dynamic_subnets.module.nat_label.var.label_value_case",
      "status": "pass",
      "objects": [
        {
          "object_addr": "module.dynamic_subnets.module.nat_label.var.label_value_case",
          "status": "pass"
        }
      ]
    },
    {
      "object_kind": "var",
      "config_addr": "module.vpc.module.this.var.context",
      "status": "pass",
      "objects": [
        {
          "object_addr": "module.vpc.module.this.var.context",
          "status": "pass"
        }
      ]
    },
    {
      "object_kind": "var",
      "config_addr": "module.dynamic_subnets.module.utils.module.this.var.label_value_case",
      "status": "pass",
      "objects": [
        {
          "object_addr": "module.dynamic_subnets.module.utils.module.this.var.label_value_case",
          "status": "pass"
        }
      ]
    },
    {
      "object_kind": "var",
      "config_addr": "module.dynamic_subnets.module.public_label.var.label_key_case",
      "status": "pass",
      "objects": [
        {
          "object_addr": "module.dynamic_subnets.module.public_label.var.label_key_case",
          "status": "pass"
        }
      ]
    },
    {
      "object_kind": "var",
      "config_addr": "module.vpc.module.label.var.label_key_case",
      "status": "pass",
      "objects": [
        {
          "object_addr": "module.vpc.module.label.var.label_key_case",
          "status": "pass"
        }
      ]
    },
    {
      "object_kind": "var",
      "config_addr": "module.dynamic_subnets.module.nat_instance_label.var.context",
      "status": "pass",
      "objects": [
        {
          "object_addr": "module.dynamic_subnets.module.nat_instance_label.var.context",
          "status": "pass"
        }
      ]
    },
    {
      "object_kind": "var",
      "config_addr": "module.dynamic_subnets.var.igw_id",
      "status": "pass",
      "objects": [
        {
          "object_addr": "module.dynamic_subnets.var.igw_id",
          "status": "pass"
        }
      ]
    },
    {
      "object_kind": "var",
      "config_addr": "module.dynamic_subnets.module.nat_instance_label.var.label_value_case",
      "status": "pass",
      "objects": [
        {
          "object_addr": "module.dynamic_subnets.module.nat_instance_label.var.label_value_case",
          "status": "pass"
        }
      ]
    },
    {
      "object_kind": "var",
      "config_addr": "module.dynamic_subnets.var.subnets_per_az_count",
      "status": "pass",
      "objects": [
        {
          "object_addr": "module.dynamic_subnets.var.subnets_per_az_count",
          "status": "pass"
        }
      ]
    },
    {
      "object_kind": "var",
      "config_addr": "module.vpc.module.label.var.label_value_case",
      "status": "pass",
      "objects": [
        {
          "object_addr": "module.vpc.module.label.var.label_value_case",
          "status": "pass"
        }
      ]
    },
    {
      "object_kind": "var",
      "config_addr": "module.vpc.module.label.var.context",
      "status": "pass",
      "objects": [
        {
          "object_addr": "module.vpc.module.label.var.context",
          "status": "pass"
        }
      ]
    },
    {
      "object_kind": "var",
      "config_addr": "module.dynamic_subnets.module.utils.module.this.var.context",
      "status": "pass",
      "objects": [
        {
          "object_addr": "module.dynamic_subnets.module.utils.module.this.var.context",
          "status": "pass"
        }
      ]
    },
    {
      "object_kind": "var",
      "config_addr": "module.vpc.module.this.var.label_key_case",
      "status": "pass",
      "objects": [
        {
          "object_addr": "module.vpc.module.this.var.label_key_case",
          "status": "pass"
        }
      ]
    },
    {
      "object_kind": "var",
      "config_addr": "module.dynamic_subnets.var.label_key_case",
      "status": "pass",
      "objects": [
        {
          "object_addr": "module.dynamic_subnets.var.label_key_case",
          "status": "pass"
        }
      ]
    },
    {
      "object_kind": "var",
      "config_addr": "module.dynamic_subnets.module.private_label.var.label_value_case",
      "status": "pass",
      "objects": [
        {
          "object_addr": "module.dynamic_subnets.module.private_label.var.label_value_case",
          "status": "pass"
        }
      ]
    },
    {
      "object_kind": "var",
      "config_addr": "module.dynamic_subnets.module.nat_label.var.id_length_limit",
      "status": "pass",
      "objects": [
        {
          "object_addr": "module.dynamic_subnets.module.nat_label.var.id_length_limit",
          "status": "pass"
        }
      ]
    },
    {
      "object_kind": "var",
      "config_addr": "module.dynamic_subnets.module.this.var.label_key_case",
      "status": "pass",
      "objects": [
        {
          "object_addr": "module.dynamic_subnets.module.this.var.label_key_case",
          "status": "pass"
        }
      ]
    },
    {
      "object_kind": "var",
      "config_addr": "module.dynamic_subnets.module.this.var.label_value_case",
      "status": "pass",
      "objects": [
        {
          "object_addr": "module.dynamic_subnets.module.this.var.label_value_case",
          "status": "pass"
        }
      ]
    },
    {
      "object_kind": "var",
      "config_addr": "module.dynamic_subnets.module.private_label.var.context",
      "status": "pass",
      "objects": [
        {
          "object_addr": "module.dynamic_subnets.module.private_label.var.context",
          "status": "pass"
        }
      ]
    },
    {
      "object_kind": "var",
      "config_addr": "module.vpc.module.label.var.id_length_limit",
      "status": "pass",
      "objects": [
        {
          "object_addr": "module.vpc.module.label.var.id_length_limit",
          "status": "pass"
        }
      ]
    },
    {
      "object_kind": "var",
      "config_addr": "module.dynamic_subnets.module.private_label.var.label_key_case",
      "status": "pass",
      "objects": [
        {
          "object_addr": "module.dynamic_subnets.module.private_label.var.label_key_case",
          "status": "pass"
        }
      ]
    },
    {
      "object_kind": "var",
      "config_addr": "module.dynamic_subnets.module.nat_label.var.context",
      "status": "pass",
      "objects": [
        {
          "object_addr": "module.dynamic_subnets.module.nat_label.var.context",
          "status": "pass"
        }
      ]
    },
    {
      "object_kind": "var",
      "config_addr": "module.dynamic_subnets.module.nat_instance_label.var.label_key_case",
      "status": "pass",
      "objects": [
        {
          "object_addr": "module.dynamic_subnets.module.nat_instance_label.var.label_key_case",
          "status": "pass"
        }
      ]
    },
    {
      "object_kind": "var",
      "config_addr": "module.vpc.var.label_value_case",
      "status": "pass",
      "objects": [
        {
          "object_addr": "module.vpc.var.label_value_case",
          "status": "pass"
        }
      ]
    },
    {
      "object_kind": "var",
      "config_addr": "module.vpc.var.context",
      "status": "pass",
      "objects": [
        {
          "object_addr": "module.vpc.var.context",
          "status": "pass"
        }
      ]
    },
    {
      "object_kind": "var",
      "config_addr": "module.dynamic_subnets.module.public_label.var.label_value_case",
      "status": "pass",
      "objects": [
        {
          "object_addr": "module.dynamic_subnets.module.public_label.var.label_value_case",
          "status": "pass"
        }
      ]
    },
    {
      "object_kind": "var",
      "config_addr": "module.dynamic_subnets.var.ipv6_egress_only_igw_id",
      "status": "pass",
      "objects": [
        {
          "object_addr": "module.dynamic_subnets.var.ipv6_egress_only_igw_id",
          "status": "pass"
        }
      ]
    },
    {
      "object_kind": "var",
      "config_addr": "module.vpc.var.label_key_case",
      "status": "pass",
      "objects": [
        {
          "object_addr": "module.vpc.var.label_key_case",
          "status": "pass"
        }
      ]
    },
    {
      "object_kind": "var",
      "config_addr": "module.dynamic_subnets.module.utils.module.this.var.id_length_limit",
      "status": "pass",
      "objects": [
        {
          "object_addr": "module.dynamic_subnets.module.utils.module.this.var.id_length_limit",
          "status": "pass"
        }
      ]
    },
    {
      "object_kind": "var",
      "config_addr": "module.dynamic_subnets.module.this.var.id_length_limit",
      "status": "pass",
      "objects": [
        {
          "object_addr": "module.dynamic_subnets.module.this.var.id_length_limit",
          "status": "pass"
        }
      ]
    },
    {
      "object_kind": "var",
      "config_addr": "module.dynamic_subnets.module.utils.var.label_key_case",
      "status": "pass",
      "objects": [
        {
          "object_addr": "module.dynamic_subnets.module.utils.var.label_key_case",
          "status": "pass"
        }
      ]
    },
    {
      "object_kind": "var",
      "config_addr": "module.dynamic_subnets.module.utils.module.this.var.label_key_case",
      "status": "pass",
      "objects": [
        {
          "object_addr": "module.dynamic_subnets.module.utils.module.this.var.label_key_case",
          "status": "pass"
        }
      ]
    },
    {
      "object_kind": "var",
      "config_addr": "module.dynamic_subnets.var.ipv6_cidrs",
      "status": "pass",
      "objects": [
        {
          "object_addr": "module.dynamic_subnets.var.ipv6_cidrs",
          "status": "pass"
        }
      ]
    },
    {
      "object_kind": "var",
      "config_addr": "module.dynamic_subnets.var.id_length_limit",
      "status": "pass",
      "objects": [
        {
          "object_addr": "module.dynamic_subnets.var.id_length_limit",
          "status": "pass"
        }
      ]
    }
  ]
}
